<?xml version="1.0" encoding="utf-8"?>
<Project ToolsVersion="17.0" xmlns="http://schemas.microsoft.com/developer/msbuild/2003">
  <ItemGroup>
    <ClCompile Include="P:\mysql-connector-cpp\cdk\extra\lz4\lz4.c">
      <Filter>Source Files</Filter>
    </ClCompile>
    <ClCompile Include="P:\mysql-connector-cpp\cdk\extra\lz4\lz4frame.c">
      <Filter>Source Files</Filter>
    </ClCompile>
    <ClCompile Include="P:\mysql-connector-cpp\cdk\extra\lz4\lz4hc.c">
      <Filter>Source Files</Filter>
    </ClCompile>
    <ClCompile Include="P:\mysql-connector-cpp\cdk\extra\lz4\xxhash.c">
      <Filter>Source Files</Filter>
    </ClCompile>
  </ItemGroup>
  <ItemGroup>
    <CustomBuild Include="P:\mysql-connector-cpp\cdk\extra\lz4\CMakeLists.txt" />
  </ItemGroup>
  <ItemGroup>
    <Filter Include="Source Files">
      <UniqueIdentifier>{9C697CDE-5305-3E32-A225-E3834A4724D3}</UniqueIdentifier>
    </Filter>
  </ItemGroup>
</Project>
