
Microsoft Visual Studio Solution File, Format Version 12.00
# Visual Studio Version 17
Project("{2150E333-8FDC-42A3-9474-1A3956D46DE8}") = "CDK", "CDK", "{21BEC962-15B7-3017-B844-DBE9AEC67C31}"
EndProject
Project("{2150E333-8FDC-42A3-9474-1A3956D46DE8}") = "CMakePredefinedTargets", "CMakePredefinedTargets", "{C16B347D-582D-3EA7-A1F4-962596D7A592}"
EndProject
Project("{2150E333-8FDC-42A3-9474-1A3956D46DE8}") = "Misc", "Misc", "{4F58C324-0161-3B3E-B4F1-ECA4BDFC256C}"
EndProject
Project("{2150E333-8FDC-42A3-9474-1A3956D46DE8}") = "Tests", "Tests", "{8E5972FA-B2A5-350A-A12D-2B92A421D5E6}"
EndProject
Project("{8BC9CEB8-8B4A-11D0-8D11-00A0C91BC942}") = "ALL_BUILD", "ALL_BUILD.vcxproj", "{078EF0B6-AFB0-3496-83C1-8AE59F22FA0D}"
	ProjectSection(ProjectDependencies) = postProject
		{C4D7E7B2-8305-33A8-B9CC-FC15457C6CD7} = {C4D7E7B2-8305-33A8-B9CC-FC15457C6CD7}
		{E0246C8B-8DC4-317F-9953-4EE52961505A} = {E0246C8B-8DC4-317F-9953-4EE52961505A}
		{F193E26A-26B7-3539-BF81-9FDF34CD8AED} = {F193E26A-26B7-3539-BF81-9FDF34CD8AED}
		{D98981FE-3841-3992-905A-50F5C1270A48} = {D98981FE-3841-3992-905A-50F5C1270A48}
		{47E004A2-5F6A-31DC-8AAB-70AB4BE6606A} = {47E004A2-5F6A-31DC-8AAB-70AB4BE6606A}
		{135D6EE0-1C73-3E87-A107-632F75C96B98} = {135D6EE0-1C73-3E87-A107-632F75C96B98}
		{7572D5B4-3C96-3971-9F3E-1609FBE78CDA} = {7572D5B4-3C96-3971-9F3E-1609FBE78CDA}
		{DACB29EE-00BF-3A44-8382-09BC75E875AA} = {DACB29EE-00BF-3A44-8382-09BC75E875AA}
		{BC3A7F55-AD42-36F3-9E28-3179D99A4459} = {BC3A7F55-AD42-36F3-9E28-3179D99A4459}
		{A1B70CEF-2708-351B-800C-5D792328873D} = {A1B70CEF-2708-351B-800C-5D792328873D}
		{7B6EB69D-A1D0-3AC3-894B-2ED0F249F3A0} = {7B6EB69D-A1D0-3AC3-894B-2ED0F249F3A0}
		{8DE188F4-4704-3919-B79A-B5FF758F8B63} = {8DE188F4-4704-3919-B79A-B5FF758F8B63}
	EndProjectSection
EndProject
Project("{8BC9CEB8-8B4A-11D0-8D11-00A0C91BC942}") = "INSTALL", "INSTALL.vcxproj", "{AD8FCB9D-2E0B-35B8-8019-DC9E97C89735}"
	ProjectSection(ProjectDependencies) = postProject
		{078EF0B6-AFB0-3496-83C1-8AE59F22FA0D} = {078EF0B6-AFB0-3496-83C1-8AE59F22FA0D}
		{C4D7E7B2-8305-33A8-B9CC-FC15457C6CD7} = {C4D7E7B2-8305-33A8-B9CC-FC15457C6CD7}
	EndProjectSection
EndProject
Project("{8BC9CEB8-8B4A-11D0-8D11-00A0C91BC942}") = "ZERO_CHECK", "ZERO_CHECK.vcxproj", "{C4D7E7B2-8305-33A8-B9CC-FC15457C6CD7}"
	ProjectSection(ProjectDependencies) = postProject
	EndProjectSection
EndProject
Project("{8BC9CEB8-8B4A-11D0-8D11-00A0C91BC942}") = "cdk", "cdk\core\cdk.vcxproj", "{E0246C8B-8DC4-317F-9953-4EE52961505A}"
	ProjectSection(ProjectDependencies) = postProject
		{C4D7E7B2-8305-33A8-B9CC-FC15457C6CD7} = {C4D7E7B2-8305-33A8-B9CC-FC15457C6CD7}
		{F193E26A-26B7-3539-BF81-9FDF34CD8AED} = {F193E26A-26B7-3539-BF81-9FDF34CD8AED}
		{D98981FE-3841-3992-905A-50F5C1270A48} = {D98981FE-3841-3992-905A-50F5C1270A48}
		{47E004A2-5F6A-31DC-8AAB-70AB4BE6606A} = {47E004A2-5F6A-31DC-8AAB-70AB4BE6606A}
		{135D6EE0-1C73-3E87-A107-632F75C96B98} = {135D6EE0-1C73-3E87-A107-632F75C96B98}
		{084AADA4-6C79-33E3-8781-7E5FE0C1889E} = {084AADA4-6C79-33E3-8781-7E5FE0C1889E}
		{10A90BA0-9D05-3606-83D6-CB84A6CD29E5} = {10A90BA0-9D05-3606-83D6-CB84A6CD29E5}
		{0E5003D6-2948-3FE9-A7EA-7F3929CD4881} = {0E5003D6-2948-3FE9-A7EA-7F3929CD4881}
		{C999CD99-6FF0-394B-A213-22738342FA1D} = {C999CD99-6FF0-394B-A213-22738342FA1D}
	EndProjectSection
EndProject
Project("{8BC9CEB8-8B4A-11D0-8D11-00A0C91BC942}") = "cdk_foundation", "cdk\foundation\cdk_foundation.vcxproj", "{F193E26A-26B7-3539-BF81-9FDF34CD8AED}"
	ProjectSection(ProjectDependencies) = postProject
		{C4D7E7B2-8305-33A8-B9CC-FC15457C6CD7} = {C4D7E7B2-8305-33A8-B9CC-FC15457C6CD7}
	EndProjectSection
EndProject
Project("{8BC9CEB8-8B4A-11D0-8D11-00A0C91BC942}") = "cdk_mysqlx", "cdk\mysqlx\cdk_mysqlx.vcxproj", "{D98981FE-3841-3992-905A-50F5C1270A48}"
	ProjectSection(ProjectDependencies) = postProject
		{C4D7E7B2-8305-33A8-B9CC-FC15457C6CD7} = {C4D7E7B2-8305-33A8-B9CC-FC15457C6CD7}
		{F193E26A-26B7-3539-BF81-9FDF34CD8AED} = {F193E26A-26B7-3539-BF81-9FDF34CD8AED}
		{135D6EE0-1C73-3E87-A107-632F75C96B98} = {135D6EE0-1C73-3E87-A107-632F75C96B98}
		{084AADA4-6C79-33E3-8781-7E5FE0C1889E} = {084AADA4-6C79-33E3-8781-7E5FE0C1889E}
		{10A90BA0-9D05-3606-83D6-CB84A6CD29E5} = {10A90BA0-9D05-3606-83D6-CB84A6CD29E5}
		{0E5003D6-2948-3FE9-A7EA-7F3929CD4881} = {0E5003D6-2948-3FE9-A7EA-7F3929CD4881}
		{C999CD99-6FF0-394B-A213-22738342FA1D} = {C999CD99-6FF0-394B-A213-22738342FA1D}
	EndProjectSection
EndProject
Project("{8BC9CEB8-8B4A-11D0-8D11-00A0C91BC942}") = "cdk_parser", "cdk\parser\cdk_parser.vcxproj", "{47E004A2-5F6A-31DC-8AAB-70AB4BE6606A}"
	ProjectSection(ProjectDependencies) = postProject
		{C4D7E7B2-8305-33A8-B9CC-FC15457C6CD7} = {C4D7E7B2-8305-33A8-B9CC-FC15457C6CD7}
		{F193E26A-26B7-3539-BF81-9FDF34CD8AED} = {F193E26A-26B7-3539-BF81-9FDF34CD8AED}
	EndProjectSection
EndProject
Project("{8BC9CEB8-8B4A-11D0-8D11-00A0C91BC942}") = "cdk_proto_mysqlx", "cdk\protocol\mysqlx\cdk_proto_mysqlx.vcxproj", "{135D6EE0-1C73-3E87-A107-632F75C96B98}"
	ProjectSection(ProjectDependencies) = postProject
		{C4D7E7B2-8305-33A8-B9CC-FC15457C6CD7} = {C4D7E7B2-8305-33A8-B9CC-FC15457C6CD7}
		{F193E26A-26B7-3539-BF81-9FDF34CD8AED} = {F193E26A-26B7-3539-BF81-9FDF34CD8AED}
		{084AADA4-6C79-33E3-8781-7E5FE0C1889E} = {084AADA4-6C79-33E3-8781-7E5FE0C1889E}
		{10A90BA0-9D05-3606-83D6-CB84A6CD29E5} = {10A90BA0-9D05-3606-83D6-CB84A6CD29E5}
		{0E5003D6-2948-3FE9-A7EA-7F3929CD4881} = {0E5003D6-2948-3FE9-A7EA-7F3929CD4881}
		{C999CD99-6FF0-394B-A213-22738342FA1D} = {C999CD99-6FF0-394B-A213-22738342FA1D}
	EndProjectSection
EndProject
Project("{8BC9CEB8-8B4A-11D0-8D11-00A0C91BC942}") = "common", "common\common.vcxproj", "{7572D5B4-3C96-3971-9F3E-1609FBE78CDA}"
	ProjectSection(ProjectDependencies) = postProject
		{C4D7E7B2-8305-33A8-B9CC-FC15457C6CD7} = {C4D7E7B2-8305-33A8-B9CC-FC15457C6CD7}
		{E0246C8B-8DC4-317F-9953-4EE52961505A} = {E0246C8B-8DC4-317F-9953-4EE52961505A}
		{F193E26A-26B7-3539-BF81-9FDF34CD8AED} = {F193E26A-26B7-3539-BF81-9FDF34CD8AED}
		{D98981FE-3841-3992-905A-50F5C1270A48} = {D98981FE-3841-3992-905A-50F5C1270A48}
		{47E004A2-5F6A-31DC-8AAB-70AB4BE6606A} = {47E004A2-5F6A-31DC-8AAB-70AB4BE6606A}
		{135D6EE0-1C73-3E87-A107-632F75C96B98} = {135D6EE0-1C73-3E87-A107-632F75C96B98}
		{084AADA4-6C79-33E3-8781-7E5FE0C1889E} = {084AADA4-6C79-33E3-8781-7E5FE0C1889E}
		{10A90BA0-9D05-3606-83D6-CB84A6CD29E5} = {10A90BA0-9D05-3606-83D6-CB84A6CD29E5}
		{0E5003D6-2948-3FE9-A7EA-7F3929CD4881} = {0E5003D6-2948-3FE9-A7EA-7F3929CD4881}
		{C999CD99-6FF0-394B-A213-22738342FA1D} = {C999CD99-6FF0-394B-A213-22738342FA1D}
	EndProjectSection
EndProject
Project("{8BC9CEB8-8B4A-11D0-8D11-00A0C91BC942}") = "connector", "connector.vcxproj", "{DACB29EE-00BF-3A44-8382-09BC75E875AA}"
	ProjectSection(ProjectDependencies) = postProject
		{C4D7E7B2-8305-33A8-B9CC-FC15457C6CD7} = {C4D7E7B2-8305-33A8-B9CC-FC15457C6CD7}
		{E0246C8B-8DC4-317F-9953-4EE52961505A} = {E0246C8B-8DC4-317F-9953-4EE52961505A}
		{F193E26A-26B7-3539-BF81-9FDF34CD8AED} = {F193E26A-26B7-3539-BF81-9FDF34CD8AED}
		{D98981FE-3841-3992-905A-50F5C1270A48} = {D98981FE-3841-3992-905A-50F5C1270A48}
		{47E004A2-5F6A-31DC-8AAB-70AB4BE6606A} = {47E004A2-5F6A-31DC-8AAB-70AB4BE6606A}
		{135D6EE0-1C73-3E87-A107-632F75C96B98} = {135D6EE0-1C73-3E87-A107-632F75C96B98}
		{7572D5B4-3C96-3971-9F3E-1609FBE78CDA} = {7572D5B4-3C96-3971-9F3E-1609FBE78CDA}
		{A1B70CEF-2708-351B-800C-5D792328873D} = {A1B70CEF-2708-351B-800C-5D792328873D}
		{084AADA4-6C79-33E3-8781-7E5FE0C1889E} = {084AADA4-6C79-33E3-8781-7E5FE0C1889E}
		{10A90BA0-9D05-3606-83D6-CB84A6CD29E5} = {10A90BA0-9D05-3606-83D6-CB84A6CD29E5}
		{8DE188F4-4704-3919-B79A-B5FF758F8B63} = {8DE188F4-4704-3919-B79A-B5FF758F8B63}
		{0E5003D6-2948-3FE9-A7EA-7F3929CD4881} = {0E5003D6-2948-3FE9-A7EA-7F3929CD4881}
		{C999CD99-6FF0-394B-A213-22738342FA1D} = {C999CD99-6FF0-394B-A213-22738342FA1D}
	EndProjectSection
EndProject
Project("{8BC9CEB8-8B4A-11D0-8D11-00A0C91BC942}") = "connector-deps", "connector-deps.vcxproj", "{6FA58496-E43C-3442-A0AE-EEF5545D9C82}"
	ProjectSection(ProjectDependencies) = postProject
		{C4D7E7B2-8305-33A8-B9CC-FC15457C6CD7} = {C4D7E7B2-8305-33A8-B9CC-FC15457C6CD7}
		{E0246C8B-8DC4-317F-9953-4EE52961505A} = {E0246C8B-8DC4-317F-9953-4EE52961505A}
		{F193E26A-26B7-3539-BF81-9FDF34CD8AED} = {F193E26A-26B7-3539-BF81-9FDF34CD8AED}
		{D98981FE-3841-3992-905A-50F5C1270A48} = {D98981FE-3841-3992-905A-50F5C1270A48}
		{47E004A2-5F6A-31DC-8AAB-70AB4BE6606A} = {47E004A2-5F6A-31DC-8AAB-70AB4BE6606A}
		{135D6EE0-1C73-3E87-A107-632F75C96B98} = {135D6EE0-1C73-3E87-A107-632F75C96B98}
		{7572D5B4-3C96-3971-9F3E-1609FBE78CDA} = {7572D5B4-3C96-3971-9F3E-1609FBE78CDA}
		{A1B70CEF-2708-351B-800C-5D792328873D} = {A1B70CEF-2708-351B-800C-5D792328873D}
		{084AADA4-6C79-33E3-8781-7E5FE0C1889E} = {084AADA4-6C79-33E3-8781-7E5FE0C1889E}
		{10A90BA0-9D05-3606-83D6-CB84A6CD29E5} = {10A90BA0-9D05-3606-83D6-CB84A6CD29E5}
		{8DE188F4-4704-3919-B79A-B5FF758F8B63} = {8DE188F4-4704-3919-B79A-B5FF758F8B63}
		{0E5003D6-2948-3FE9-A7EA-7F3929CD4881} = {0E5003D6-2948-3FE9-A7EA-7F3929CD4881}
		{C999CD99-6FF0-394B-A213-22738342FA1D} = {C999CD99-6FF0-394B-A213-22738342FA1D}
	EndProjectSection
EndProject
Project("{8BC9CEB8-8B4A-11D0-8D11-00A0C91BC942}") = "connector-jdbc", "jdbc\connector-jdbc.vcxproj", "{BC3A7F55-AD42-36F3-9E28-3179D99A4459}"
	ProjectSection(ProjectDependencies) = postProject
		{C4D7E7B2-8305-33A8-B9CC-FC15457C6CD7} = {C4D7E7B2-8305-33A8-B9CC-FC15457C6CD7}
		{7B6EB69D-A1D0-3AC3-894B-2ED0F249F3A0} = {7B6EB69D-A1D0-3AC3-894B-2ED0F249F3A0}
	EndProjectSection
EndProject
Project("{8BC9CEB8-8B4A-11D0-8D11-00A0C91BC942}") = "connector-jdbc-deps", "jdbc\connector-jdbc-deps.vcxproj", "{AA395375-C28C-3617-9916-43A113EA01E9}"
	ProjectSection(ProjectDependencies) = postProject
		{C4D7E7B2-8305-33A8-B9CC-FC15457C6CD7} = {C4D7E7B2-8305-33A8-B9CC-FC15457C6CD7}
		{7B6EB69D-A1D0-3AC3-894B-2ED0F249F3A0} = {7B6EB69D-A1D0-3AC3-894B-2ED0F249F3A0}
	EndProjectSection
EndProject
Project("{8BC9CEB8-8B4A-11D0-8D11-00A0C91BC942}") = "devapi", "devapi\devapi.vcxproj", "{A1B70CEF-2708-351B-800C-5D792328873D}"
	ProjectSection(ProjectDependencies) = postProject
		{C4D7E7B2-8305-33A8-B9CC-FC15457C6CD7} = {C4D7E7B2-8305-33A8-B9CC-FC15457C6CD7}
		{E0246C8B-8DC4-317F-9953-4EE52961505A} = {E0246C8B-8DC4-317F-9953-4EE52961505A}
		{F193E26A-26B7-3539-BF81-9FDF34CD8AED} = {F193E26A-26B7-3539-BF81-9FDF34CD8AED}
		{D98981FE-3841-3992-905A-50F5C1270A48} = {D98981FE-3841-3992-905A-50F5C1270A48}
		{47E004A2-5F6A-31DC-8AAB-70AB4BE6606A} = {47E004A2-5F6A-31DC-8AAB-70AB4BE6606A}
		{135D6EE0-1C73-3E87-A107-632F75C96B98} = {135D6EE0-1C73-3E87-A107-632F75C96B98}
		{7572D5B4-3C96-3971-9F3E-1609FBE78CDA} = {7572D5B4-3C96-3971-9F3E-1609FBE78CDA}
		{084AADA4-6C79-33E3-8781-7E5FE0C1889E} = {084AADA4-6C79-33E3-8781-7E5FE0C1889E}
		{10A90BA0-9D05-3606-83D6-CB84A6CD29E5} = {10A90BA0-9D05-3606-83D6-CB84A6CD29E5}
		{0E5003D6-2948-3FE9-A7EA-7F3929CD4881} = {0E5003D6-2948-3FE9-A7EA-7F3929CD4881}
		{C999CD99-6FF0-394B-A213-22738342FA1D} = {C999CD99-6FF0-394B-A213-22738342FA1D}
	EndProjectSection
EndProject
Project("{8BC9CEB8-8B4A-11D0-8D11-00A0C91BC942}") = "jdbc", "jdbc\driver\jdbc.vcxproj", "{7B6EB69D-A1D0-3AC3-894B-2ED0F249F3A0}"
	ProjectSection(ProjectDependencies) = postProject
		{C4D7E7B2-8305-33A8-B9CC-FC15457C6CD7} = {C4D7E7B2-8305-33A8-B9CC-FC15457C6CD7}
	EndProjectSection
EndProject
Project("{8BC9CEB8-8B4A-11D0-8D11-00A0C91BC942}") = "link_test", "link_test.vcxproj", "{14B85E96-C2F0-3387-ACFC-FADEECFBFE6B}"
	ProjectSection(ProjectDependencies) = postProject
		{C4D7E7B2-8305-33A8-B9CC-FC15457C6CD7} = {C4D7E7B2-8305-33A8-B9CC-FC15457C6CD7}
		{DACB29EE-00BF-3A44-8382-09BC75E875AA} = {DACB29EE-00BF-3A44-8382-09BC75E875AA}
		{BC3A7F55-AD42-36F3-9E28-3179D99A4459} = {BC3A7F55-AD42-36F3-9E28-3179D99A4459}
	EndProjectSection
EndProject
Project("{8BC9CEB8-8B4A-11D0-8D11-00A0C91BC942}") = "lz4-build", "cdk\protocol\mysqlx\lz4-build.vcxproj", "{084AADA4-6C79-33E3-8781-7E5FE0C1889E}"
	ProjectSection(ProjectDependencies) = postProject
		{C4D7E7B2-8305-33A8-B9CC-FC15457C6CD7} = {C4D7E7B2-8305-33A8-B9CC-FC15457C6CD7}
	EndProjectSection
EndProject
Project("{8BC9CEB8-8B4A-11D0-8D11-00A0C91BC942}") = "lz4-rebuild", "cdk\protocol\mysqlx\lz4-rebuild.vcxproj", "{EDEB3237-C6F8-3FA4-9B75-4676A4788C45}"
	ProjectSection(ProjectDependencies) = postProject
		{C4D7E7B2-8305-33A8-B9CC-FC15457C6CD7} = {C4D7E7B2-8305-33A8-B9CC-FC15457C6CD7}
	EndProjectSection
EndProject
Project("{8BC9CEB8-8B4A-11D0-8D11-00A0C91BC942}") = "protobuf-build", "cdk\protocol\mysqlx\protobuf-build.vcxproj", "{10A90BA0-9D05-3606-83D6-CB84A6CD29E5}"
	ProjectSection(ProjectDependencies) = postProject
		{C4D7E7B2-8305-33A8-B9CC-FC15457C6CD7} = {C4D7E7B2-8305-33A8-B9CC-FC15457C6CD7}
	EndProjectSection
EndProject
Project("{8BC9CEB8-8B4A-11D0-8D11-00A0C91BC942}") = "protobuf-rebuild", "cdk\protocol\mysqlx\protobuf-rebuild.vcxproj", "{6E126520-889F-30BC-B787-9B44AD14A4E1}"
	ProjectSection(ProjectDependencies) = postProject
		{C4D7E7B2-8305-33A8-B9CC-FC15457C6CD7} = {C4D7E7B2-8305-33A8-B9CC-FC15457C6CD7}
	EndProjectSection
EndProject
Project("{8BC9CEB8-8B4A-11D0-8D11-00A0C91BC942}") = "rebuild-ext", "rebuild-ext.vcxproj", "{E088519C-1588-3825-9DB2-0694C503919C}"
	ProjectSection(ProjectDependencies) = postProject
		{C4D7E7B2-8305-33A8-B9CC-FC15457C6CD7} = {C4D7E7B2-8305-33A8-B9CC-FC15457C6CD7}
		{EDEB3237-C6F8-3FA4-9B75-4676A4788C45} = {EDEB3237-C6F8-3FA4-9B75-4676A4788C45}
		{6E126520-889F-30BC-B787-9B44AD14A4E1} = {6E126520-889F-30BC-B787-9B44AD14A4E1}
		{1AD4D6E5-AE89-3674-83F7-3612BA28DCC6} = {1AD4D6E5-AE89-3674-83F7-3612BA28DCC6}
		{F62EF8EE-2FD8-3F13-9241-86DA6E2EAAB1} = {F62EF8EE-2FD8-3F13-9241-86DA6E2EAAB1}
	EndProjectSection
EndProject
Project("{8BC9CEB8-8B4A-11D0-8D11-00A0C91BC942}") = "sub_project_test", "sub_project_test.vcxproj", "{4017FF8B-7B5A-365B-889F-35926CD58D69}"
	ProjectSection(ProjectDependencies) = postProject
		{C4D7E7B2-8305-33A8-B9CC-FC15457C6CD7} = {C4D7E7B2-8305-33A8-B9CC-FC15457C6CD7}
	EndProjectSection
EndProject
Project("{8BC9CEB8-8B4A-11D0-8D11-00A0C91BC942}") = "try", "try.vcxproj", "{CC7B2FBB-3E67-3BDB-AE66-0D4109CCE0A3}"
	ProjectSection(ProjectDependencies) = postProject
		{C4D7E7B2-8305-33A8-B9CC-FC15457C6CD7} = {C4D7E7B2-8305-33A8-B9CC-FC15457C6CD7}
		{E0246C8B-8DC4-317F-9953-4EE52961505A} = {E0246C8B-8DC4-317F-9953-4EE52961505A}
		{F193E26A-26B7-3539-BF81-9FDF34CD8AED} = {F193E26A-26B7-3539-BF81-9FDF34CD8AED}
		{D98981FE-3841-3992-905A-50F5C1270A48} = {D98981FE-3841-3992-905A-50F5C1270A48}
		{47E004A2-5F6A-31DC-8AAB-70AB4BE6606A} = {47E004A2-5F6A-31DC-8AAB-70AB4BE6606A}
		{135D6EE0-1C73-3E87-A107-632F75C96B98} = {135D6EE0-1C73-3E87-A107-632F75C96B98}
		{7572D5B4-3C96-3971-9F3E-1609FBE78CDA} = {7572D5B4-3C96-3971-9F3E-1609FBE78CDA}
		{DACB29EE-00BF-3A44-8382-09BC75E875AA} = {DACB29EE-00BF-3A44-8382-09BC75E875AA}
		{A1B70CEF-2708-351B-800C-5D792328873D} = {A1B70CEF-2708-351B-800C-5D792328873D}
		{084AADA4-6C79-33E3-8781-7E5FE0C1889E} = {084AADA4-6C79-33E3-8781-7E5FE0C1889E}
		{10A90BA0-9D05-3606-83D6-CB84A6CD29E5} = {10A90BA0-9D05-3606-83D6-CB84A6CD29E5}
		{8DE188F4-4704-3919-B79A-B5FF758F8B63} = {8DE188F4-4704-3919-B79A-B5FF758F8B63}
		{0E5003D6-2948-3FE9-A7EA-7F3929CD4881} = {0E5003D6-2948-3FE9-A7EA-7F3929CD4881}
		{C999CD99-6FF0-394B-A213-22738342FA1D} = {C999CD99-6FF0-394B-A213-22738342FA1D}
	EndProjectSection
EndProject
Project("{8BC9CEB8-8B4A-11D0-8D11-00A0C91BC942}") = "try_jdbc", "try_jdbc.vcxproj", "{31F79C53-79B9-3354-B6B6-23049FD633CF}"
	ProjectSection(ProjectDependencies) = postProject
		{C4D7E7B2-8305-33A8-B9CC-FC15457C6CD7} = {C4D7E7B2-8305-33A8-B9CC-FC15457C6CD7}
		{BC3A7F55-AD42-36F3-9E28-3179D99A4459} = {BC3A7F55-AD42-36F3-9E28-3179D99A4459}
		{7B6EB69D-A1D0-3AC3-894B-2ED0F249F3A0} = {7B6EB69D-A1D0-3AC3-894B-2ED0F249F3A0}
	EndProjectSection
EndProject
Project("{8BC9CEB8-8B4A-11D0-8D11-00A0C91BC942}") = "xapi", "xapi\xapi.vcxproj", "{8DE188F4-4704-3919-B79A-B5FF758F8B63}"
	ProjectSection(ProjectDependencies) = postProject
		{C4D7E7B2-8305-33A8-B9CC-FC15457C6CD7} = {C4D7E7B2-8305-33A8-B9CC-FC15457C6CD7}
		{E0246C8B-8DC4-317F-9953-4EE52961505A} = {E0246C8B-8DC4-317F-9953-4EE52961505A}
		{F193E26A-26B7-3539-BF81-9FDF34CD8AED} = {F193E26A-26B7-3539-BF81-9FDF34CD8AED}
		{D98981FE-3841-3992-905A-50F5C1270A48} = {D98981FE-3841-3992-905A-50F5C1270A48}
		{47E004A2-5F6A-31DC-8AAB-70AB4BE6606A} = {47E004A2-5F6A-31DC-8AAB-70AB4BE6606A}
		{135D6EE0-1C73-3E87-A107-632F75C96B98} = {135D6EE0-1C73-3E87-A107-632F75C96B98}
		{7572D5B4-3C96-3971-9F3E-1609FBE78CDA} = {7572D5B4-3C96-3971-9F3E-1609FBE78CDA}
		{084AADA4-6C79-33E3-8781-7E5FE0C1889E} = {084AADA4-6C79-33E3-8781-7E5FE0C1889E}
		{10A90BA0-9D05-3606-83D6-CB84A6CD29E5} = {10A90BA0-9D05-3606-83D6-CB84A6CD29E5}
		{0E5003D6-2948-3FE9-A7EA-7F3929CD4881} = {0E5003D6-2948-3FE9-A7EA-7F3929CD4881}
		{C999CD99-6FF0-394B-A213-22738342FA1D} = {C999CD99-6FF0-394B-A213-22738342FA1D}
	EndProjectSection
EndProject
Project("{8BC9CEB8-8B4A-11D0-8D11-00A0C91BC942}") = "zlib-build", "cdk\protocol\mysqlx\zlib-build.vcxproj", "{0E5003D6-2948-3FE9-A7EA-7F3929CD4881}"
	ProjectSection(ProjectDependencies) = postProject
		{C4D7E7B2-8305-33A8-B9CC-FC15457C6CD7} = {C4D7E7B2-8305-33A8-B9CC-FC15457C6CD7}
	EndProjectSection
EndProject
Project("{8BC9CEB8-8B4A-11D0-8D11-00A0C91BC942}") = "zlib-rebuild", "cdk\protocol\mysqlx\zlib-rebuild.vcxproj", "{1AD4D6E5-AE89-3674-83F7-3612BA28DCC6}"
	ProjectSection(ProjectDependencies) = postProject
		{C4D7E7B2-8305-33A8-B9CC-FC15457C6CD7} = {C4D7E7B2-8305-33A8-B9CC-FC15457C6CD7}
	EndProjectSection
EndProject
Project("{8BC9CEB8-8B4A-11D0-8D11-00A0C91BC942}") = "zstd-build", "cdk\protocol\mysqlx\zstd-build.vcxproj", "{C999CD99-6FF0-394B-A213-22738342FA1D}"
	ProjectSection(ProjectDependencies) = postProject
		{C4D7E7B2-8305-33A8-B9CC-FC15457C6CD7} = {C4D7E7B2-8305-33A8-B9CC-FC15457C6CD7}
	EndProjectSection
EndProject
Project("{8BC9CEB8-8B4A-11D0-8D11-00A0C91BC942}") = "zstd-rebuild", "cdk\protocol\mysqlx\zstd-rebuild.vcxproj", "{F62EF8EE-2FD8-3F13-9241-86DA6E2EAAB1}"
	ProjectSection(ProjectDependencies) = postProject
		{C4D7E7B2-8305-33A8-B9CC-FC15457C6CD7} = {C4D7E7B2-8305-33A8-B9CC-FC15457C6CD7}
	EndProjectSection
EndProject
Global
	GlobalSection(SolutionConfigurationPlatforms) = preSolution
		Debug|x64 = Debug|x64
		Release|x64 = Release|x64
		MinSizeRel|x64 = MinSizeRel|x64
		RelWithDebInfo|x64 = RelWithDebInfo|x64
	EndGlobalSection
	GlobalSection(ProjectConfigurationPlatforms) = postSolution
		{078EF0B6-AFB0-3496-83C1-8AE59F22FA0D}.Debug|x64.ActiveCfg = Debug|x64
		{078EF0B6-AFB0-3496-83C1-8AE59F22FA0D}.Debug|x64.Build.0 = Debug|x64
		{078EF0B6-AFB0-3496-83C1-8AE59F22FA0D}.Release|x64.ActiveCfg = Release|x64
		{078EF0B6-AFB0-3496-83C1-8AE59F22FA0D}.Release|x64.Build.0 = Release|x64
		{078EF0B6-AFB0-3496-83C1-8AE59F22FA0D}.MinSizeRel|x64.ActiveCfg = MinSizeRel|x64
		{078EF0B6-AFB0-3496-83C1-8AE59F22FA0D}.MinSizeRel|x64.Build.0 = MinSizeRel|x64
		{078EF0B6-AFB0-3496-83C1-8AE59F22FA0D}.RelWithDebInfo|x64.ActiveCfg = RelWithDebInfo|x64
		{078EF0B6-AFB0-3496-83C1-8AE59F22FA0D}.RelWithDebInfo|x64.Build.0 = RelWithDebInfo|x64
		{AD8FCB9D-2E0B-35B8-8019-DC9E97C89735}.Debug|x64.ActiveCfg = Debug|x64
		{AD8FCB9D-2E0B-35B8-8019-DC9E97C89735}.Release|x64.ActiveCfg = Release|x64
		{AD8FCB9D-2E0B-35B8-8019-DC9E97C89735}.MinSizeRel|x64.ActiveCfg = MinSizeRel|x64
		{AD8FCB9D-2E0B-35B8-8019-DC9E97C89735}.RelWithDebInfo|x64.ActiveCfg = RelWithDebInfo|x64
		{C4D7E7B2-8305-33A8-B9CC-FC15457C6CD7}.Debug|x64.ActiveCfg = Debug|x64
		{C4D7E7B2-8305-33A8-B9CC-FC15457C6CD7}.Debug|x64.Build.0 = Debug|x64
		{C4D7E7B2-8305-33A8-B9CC-FC15457C6CD7}.Release|x64.ActiveCfg = Release|x64
		{C4D7E7B2-8305-33A8-B9CC-FC15457C6CD7}.Release|x64.Build.0 = Release|x64
		{C4D7E7B2-8305-33A8-B9CC-FC15457C6CD7}.MinSizeRel|x64.ActiveCfg = MinSizeRel|x64
		{C4D7E7B2-8305-33A8-B9CC-FC15457C6CD7}.MinSizeRel|x64.Build.0 = MinSizeRel|x64
		{C4D7E7B2-8305-33A8-B9CC-FC15457C6CD7}.RelWithDebInfo|x64.ActiveCfg = RelWithDebInfo|x64
		{C4D7E7B2-8305-33A8-B9CC-FC15457C6CD7}.RelWithDebInfo|x64.Build.0 = RelWithDebInfo|x64
		{E0246C8B-8DC4-317F-9953-4EE52961505A}.Debug|x64.ActiveCfg = Debug|x64
		{E0246C8B-8DC4-317F-9953-4EE52961505A}.Debug|x64.Build.0 = Debug|x64
		{E0246C8B-8DC4-317F-9953-4EE52961505A}.Release|x64.ActiveCfg = Release|x64
		{E0246C8B-8DC4-317F-9953-4EE52961505A}.Release|x64.Build.0 = Release|x64
		{E0246C8B-8DC4-317F-9953-4EE52961505A}.MinSizeRel|x64.ActiveCfg = MinSizeRel|x64
		{E0246C8B-8DC4-317F-9953-4EE52961505A}.MinSizeRel|x64.Build.0 = MinSizeRel|x64
		{E0246C8B-8DC4-317F-9953-4EE52961505A}.RelWithDebInfo|x64.ActiveCfg = RelWithDebInfo|x64
		{E0246C8B-8DC4-317F-9953-4EE52961505A}.RelWithDebInfo|x64.Build.0 = RelWithDebInfo|x64
		{F193E26A-26B7-3539-BF81-9FDF34CD8AED}.Debug|x64.ActiveCfg = Debug|x64
		{F193E26A-26B7-3539-BF81-9FDF34CD8AED}.Debug|x64.Build.0 = Debug|x64
		{F193E26A-26B7-3539-BF81-9FDF34CD8AED}.Release|x64.ActiveCfg = Release|x64
		{F193E26A-26B7-3539-BF81-9FDF34CD8AED}.Release|x64.Build.0 = Release|x64
		{F193E26A-26B7-3539-BF81-9FDF34CD8AED}.MinSizeRel|x64.ActiveCfg = MinSizeRel|x64
		{F193E26A-26B7-3539-BF81-9FDF34CD8AED}.MinSizeRel|x64.Build.0 = MinSizeRel|x64
		{F193E26A-26B7-3539-BF81-9FDF34CD8AED}.RelWithDebInfo|x64.ActiveCfg = RelWithDebInfo|x64
		{F193E26A-26B7-3539-BF81-9FDF34CD8AED}.RelWithDebInfo|x64.Build.0 = RelWithDebInfo|x64
		{D98981FE-3841-3992-905A-50F5C1270A48}.Debug|x64.ActiveCfg = Debug|x64
		{D98981FE-3841-3992-905A-50F5C1270A48}.Debug|x64.Build.0 = Debug|x64
		{D98981FE-3841-3992-905A-50F5C1270A48}.Release|x64.ActiveCfg = Release|x64
		{D98981FE-3841-3992-905A-50F5C1270A48}.Release|x64.Build.0 = Release|x64
		{D98981FE-3841-3992-905A-50F5C1270A48}.MinSizeRel|x64.ActiveCfg = MinSizeRel|x64
		{D98981FE-3841-3992-905A-50F5C1270A48}.MinSizeRel|x64.Build.0 = MinSizeRel|x64
		{D98981FE-3841-3992-905A-50F5C1270A48}.RelWithDebInfo|x64.ActiveCfg = RelWithDebInfo|x64
		{D98981FE-3841-3992-905A-50F5C1270A48}.RelWithDebInfo|x64.Build.0 = RelWithDebInfo|x64
		{47E004A2-5F6A-31DC-8AAB-70AB4BE6606A}.Debug|x64.ActiveCfg = Debug|x64
		{47E004A2-5F6A-31DC-8AAB-70AB4BE6606A}.Debug|x64.Build.0 = Debug|x64
		{47E004A2-5F6A-31DC-8AAB-70AB4BE6606A}.Release|x64.ActiveCfg = Release|x64
		{47E004A2-5F6A-31DC-8AAB-70AB4BE6606A}.Release|x64.Build.0 = Release|x64
		{47E004A2-5F6A-31DC-8AAB-70AB4BE6606A}.MinSizeRel|x64.ActiveCfg = MinSizeRel|x64
		{47E004A2-5F6A-31DC-8AAB-70AB4BE6606A}.MinSizeRel|x64.Build.0 = MinSizeRel|x64
		{47E004A2-5F6A-31DC-8AAB-70AB4BE6606A}.RelWithDebInfo|x64.ActiveCfg = RelWithDebInfo|x64
		{47E004A2-5F6A-31DC-8AAB-70AB4BE6606A}.RelWithDebInfo|x64.Build.0 = RelWithDebInfo|x64
		{135D6EE0-1C73-3E87-A107-632F75C96B98}.Debug|x64.ActiveCfg = Debug|x64
		{135D6EE0-1C73-3E87-A107-632F75C96B98}.Debug|x64.Build.0 = Debug|x64
		{135D6EE0-1C73-3E87-A107-632F75C96B98}.Release|x64.ActiveCfg = Release|x64
		{135D6EE0-1C73-3E87-A107-632F75C96B98}.Release|x64.Build.0 = Release|x64
		{135D6EE0-1C73-3E87-A107-632F75C96B98}.MinSizeRel|x64.ActiveCfg = MinSizeRel|x64
		{135D6EE0-1C73-3E87-A107-632F75C96B98}.MinSizeRel|x64.Build.0 = MinSizeRel|x64
		{135D6EE0-1C73-3E87-A107-632F75C96B98}.RelWithDebInfo|x64.ActiveCfg = RelWithDebInfo|x64
		{135D6EE0-1C73-3E87-A107-632F75C96B98}.RelWithDebInfo|x64.Build.0 = RelWithDebInfo|x64
		{7572D5B4-3C96-3971-9F3E-1609FBE78CDA}.Debug|x64.ActiveCfg = Debug|x64
		{7572D5B4-3C96-3971-9F3E-1609FBE78CDA}.Debug|x64.Build.0 = Debug|x64
		{7572D5B4-3C96-3971-9F3E-1609FBE78CDA}.Release|x64.ActiveCfg = Release|x64
		{7572D5B4-3C96-3971-9F3E-1609FBE78CDA}.Release|x64.Build.0 = Release|x64
		{7572D5B4-3C96-3971-9F3E-1609FBE78CDA}.MinSizeRel|x64.ActiveCfg = MinSizeRel|x64
		{7572D5B4-3C96-3971-9F3E-1609FBE78CDA}.MinSizeRel|x64.Build.0 = MinSizeRel|x64
		{7572D5B4-3C96-3971-9F3E-1609FBE78CDA}.RelWithDebInfo|x64.ActiveCfg = RelWithDebInfo|x64
		{7572D5B4-3C96-3971-9F3E-1609FBE78CDA}.RelWithDebInfo|x64.Build.0 = RelWithDebInfo|x64
		{DACB29EE-00BF-3A44-8382-09BC75E875AA}.Debug|x64.ActiveCfg = Debug|x64
		{DACB29EE-00BF-3A44-8382-09BC75E875AA}.Debug|x64.Build.0 = Debug|x64
		{DACB29EE-00BF-3A44-8382-09BC75E875AA}.Release|x64.ActiveCfg = Release|x64
		{DACB29EE-00BF-3A44-8382-09BC75E875AA}.Release|x64.Build.0 = Release|x64
		{DACB29EE-00BF-3A44-8382-09BC75E875AA}.MinSizeRel|x64.ActiveCfg = MinSizeRel|x64
		{DACB29EE-00BF-3A44-8382-09BC75E875AA}.MinSizeRel|x64.Build.0 = MinSizeRel|x64
		{DACB29EE-00BF-3A44-8382-09BC75E875AA}.RelWithDebInfo|x64.ActiveCfg = RelWithDebInfo|x64
		{DACB29EE-00BF-3A44-8382-09BC75E875AA}.RelWithDebInfo|x64.Build.0 = RelWithDebInfo|x64
		{6FA58496-E43C-3442-A0AE-EEF5545D9C82}.Debug|x64.ActiveCfg = Debug|x64
		{6FA58496-E43C-3442-A0AE-EEF5545D9C82}.Debug|x64.Build.0 = Debug|x64
		{6FA58496-E43C-3442-A0AE-EEF5545D9C82}.Release|x64.ActiveCfg = Release|x64
		{6FA58496-E43C-3442-A0AE-EEF5545D9C82}.Release|x64.Build.0 = Release|x64
		{6FA58496-E43C-3442-A0AE-EEF5545D9C82}.MinSizeRel|x64.ActiveCfg = MinSizeRel|x64
		{6FA58496-E43C-3442-A0AE-EEF5545D9C82}.MinSizeRel|x64.Build.0 = MinSizeRel|x64
		{6FA58496-E43C-3442-A0AE-EEF5545D9C82}.RelWithDebInfo|x64.ActiveCfg = RelWithDebInfo|x64
		{6FA58496-E43C-3442-A0AE-EEF5545D9C82}.RelWithDebInfo|x64.Build.0 = RelWithDebInfo|x64
		{BC3A7F55-AD42-36F3-9E28-3179D99A4459}.Debug|x64.ActiveCfg = Debug|x64
		{BC3A7F55-AD42-36F3-9E28-3179D99A4459}.Debug|x64.Build.0 = Debug|x64
		{BC3A7F55-AD42-36F3-9E28-3179D99A4459}.Release|x64.ActiveCfg = Release|x64
		{BC3A7F55-AD42-36F3-9E28-3179D99A4459}.Release|x64.Build.0 = Release|x64
		{BC3A7F55-AD42-36F3-9E28-3179D99A4459}.MinSizeRel|x64.ActiveCfg = MinSizeRel|x64
		{BC3A7F55-AD42-36F3-9E28-3179D99A4459}.MinSizeRel|x64.Build.0 = MinSizeRel|x64
		{BC3A7F55-AD42-36F3-9E28-3179D99A4459}.RelWithDebInfo|x64.ActiveCfg = RelWithDebInfo|x64
		{BC3A7F55-AD42-36F3-9E28-3179D99A4459}.RelWithDebInfo|x64.Build.0 = RelWithDebInfo|x64
		{AA395375-C28C-3617-9916-43A113EA01E9}.Debug|x64.ActiveCfg = Debug|x64
		{AA395375-C28C-3617-9916-43A113EA01E9}.Debug|x64.Build.0 = Debug|x64
		{AA395375-C28C-3617-9916-43A113EA01E9}.Release|x64.ActiveCfg = Release|x64
		{AA395375-C28C-3617-9916-43A113EA01E9}.Release|x64.Build.0 = Release|x64
		{AA395375-C28C-3617-9916-43A113EA01E9}.MinSizeRel|x64.ActiveCfg = MinSizeRel|x64
		{AA395375-C28C-3617-9916-43A113EA01E9}.MinSizeRel|x64.Build.0 = MinSizeRel|x64
		{AA395375-C28C-3617-9916-43A113EA01E9}.RelWithDebInfo|x64.ActiveCfg = RelWithDebInfo|x64
		{AA395375-C28C-3617-9916-43A113EA01E9}.RelWithDebInfo|x64.Build.0 = RelWithDebInfo|x64
		{A1B70CEF-2708-351B-800C-5D792328873D}.Debug|x64.ActiveCfg = Debug|x64
		{A1B70CEF-2708-351B-800C-5D792328873D}.Debug|x64.Build.0 = Debug|x64
		{A1B70CEF-2708-351B-800C-5D792328873D}.Release|x64.ActiveCfg = Release|x64
		{A1B70CEF-2708-351B-800C-5D792328873D}.Release|x64.Build.0 = Release|x64
		{A1B70CEF-2708-351B-800C-5D792328873D}.MinSizeRel|x64.ActiveCfg = MinSizeRel|x64
		{A1B70CEF-2708-351B-800C-5D792328873D}.MinSizeRel|x64.Build.0 = MinSizeRel|x64
		{A1B70CEF-2708-351B-800C-5D792328873D}.RelWithDebInfo|x64.ActiveCfg = RelWithDebInfo|x64
		{A1B70CEF-2708-351B-800C-5D792328873D}.RelWithDebInfo|x64.Build.0 = RelWithDebInfo|x64
		{7B6EB69D-A1D0-3AC3-894B-2ED0F249F3A0}.Debug|x64.ActiveCfg = Debug|x64
		{7B6EB69D-A1D0-3AC3-894B-2ED0F249F3A0}.Debug|x64.Build.0 = Debug|x64
		{7B6EB69D-A1D0-3AC3-894B-2ED0F249F3A0}.Release|x64.ActiveCfg = Release|x64
		{7B6EB69D-A1D0-3AC3-894B-2ED0F249F3A0}.Release|x64.Build.0 = Release|x64
		{7B6EB69D-A1D0-3AC3-894B-2ED0F249F3A0}.MinSizeRel|x64.ActiveCfg = MinSizeRel|x64
		{7B6EB69D-A1D0-3AC3-894B-2ED0F249F3A0}.MinSizeRel|x64.Build.0 = MinSizeRel|x64
		{7B6EB69D-A1D0-3AC3-894B-2ED0F249F3A0}.RelWithDebInfo|x64.ActiveCfg = RelWithDebInfo|x64
		{7B6EB69D-A1D0-3AC3-894B-2ED0F249F3A0}.RelWithDebInfo|x64.Build.0 = RelWithDebInfo|x64
		{14B85E96-C2F0-3387-ACFC-FADEECFBFE6B}.Debug|x64.ActiveCfg = Debug|x64
		{14B85E96-C2F0-3387-ACFC-FADEECFBFE6B}.Release|x64.ActiveCfg = Release|x64
		{14B85E96-C2F0-3387-ACFC-FADEECFBFE6B}.MinSizeRel|x64.ActiveCfg = MinSizeRel|x64
		{14B85E96-C2F0-3387-ACFC-FADEECFBFE6B}.RelWithDebInfo|x64.ActiveCfg = RelWithDebInfo|x64
		{084AADA4-6C79-33E3-8781-7E5FE0C1889E}.Debug|x64.ActiveCfg = Debug|x64
		{084AADA4-6C79-33E3-8781-7E5FE0C1889E}.Debug|x64.Build.0 = Debug|x64
		{084AADA4-6C79-33E3-8781-7E5FE0C1889E}.Release|x64.ActiveCfg = Release|x64
		{084AADA4-6C79-33E3-8781-7E5FE0C1889E}.Release|x64.Build.0 = Release|x64
		{084AADA4-6C79-33E3-8781-7E5FE0C1889E}.MinSizeRel|x64.ActiveCfg = MinSizeRel|x64
		{084AADA4-6C79-33E3-8781-7E5FE0C1889E}.MinSizeRel|x64.Build.0 = MinSizeRel|x64
		{084AADA4-6C79-33E3-8781-7E5FE0C1889E}.RelWithDebInfo|x64.ActiveCfg = RelWithDebInfo|x64
		{084AADA4-6C79-33E3-8781-7E5FE0C1889E}.RelWithDebInfo|x64.Build.0 = RelWithDebInfo|x64
		{EDEB3237-C6F8-3FA4-9B75-4676A4788C45}.Debug|x64.ActiveCfg = Debug|x64
		{EDEB3237-C6F8-3FA4-9B75-4676A4788C45}.Debug|x64.Build.0 = Debug|x64
		{EDEB3237-C6F8-3FA4-9B75-4676A4788C45}.Release|x64.ActiveCfg = Release|x64
		{EDEB3237-C6F8-3FA4-9B75-4676A4788C45}.Release|x64.Build.0 = Release|x64
		{EDEB3237-C6F8-3FA4-9B75-4676A4788C45}.MinSizeRel|x64.ActiveCfg = MinSizeRel|x64
		{EDEB3237-C6F8-3FA4-9B75-4676A4788C45}.MinSizeRel|x64.Build.0 = MinSizeRel|x64
		{EDEB3237-C6F8-3FA4-9B75-4676A4788C45}.RelWithDebInfo|x64.ActiveCfg = RelWithDebInfo|x64
		{EDEB3237-C6F8-3FA4-9B75-4676A4788C45}.RelWithDebInfo|x64.Build.0 = RelWithDebInfo|x64
		{10A90BA0-9D05-3606-83D6-CB84A6CD29E5}.Debug|x64.ActiveCfg = Debug|x64
		{10A90BA0-9D05-3606-83D6-CB84A6CD29E5}.Debug|x64.Build.0 = Debug|x64
		{10A90BA0-9D05-3606-83D6-CB84A6CD29E5}.Release|x64.ActiveCfg = Release|x64
		{10A90BA0-9D05-3606-83D6-CB84A6CD29E5}.Release|x64.Build.0 = Release|x64
		{10A90BA0-9D05-3606-83D6-CB84A6CD29E5}.MinSizeRel|x64.ActiveCfg = MinSizeRel|x64
		{10A90BA0-9D05-3606-83D6-CB84A6CD29E5}.MinSizeRel|x64.Build.0 = MinSizeRel|x64
		{10A90BA0-9D05-3606-83D6-CB84A6CD29E5}.RelWithDebInfo|x64.ActiveCfg = RelWithDebInfo|x64
		{10A90BA0-9D05-3606-83D6-CB84A6CD29E5}.RelWithDebInfo|x64.Build.0 = RelWithDebInfo|x64
		{6E126520-889F-30BC-B787-9B44AD14A4E1}.Debug|x64.ActiveCfg = Debug|x64
		{6E126520-889F-30BC-B787-9B44AD14A4E1}.Debug|x64.Build.0 = Debug|x64
		{6E126520-889F-30BC-B787-9B44AD14A4E1}.Release|x64.ActiveCfg = Release|x64
		{6E126520-889F-30BC-B787-9B44AD14A4E1}.Release|x64.Build.0 = Release|x64
		{6E126520-889F-30BC-B787-9B44AD14A4E1}.MinSizeRel|x64.ActiveCfg = MinSizeRel|x64
		{6E126520-889F-30BC-B787-9B44AD14A4E1}.MinSizeRel|x64.Build.0 = MinSizeRel|x64
		{6E126520-889F-30BC-B787-9B44AD14A4E1}.RelWithDebInfo|x64.ActiveCfg = RelWithDebInfo|x64
		{6E126520-889F-30BC-B787-9B44AD14A4E1}.RelWithDebInfo|x64.Build.0 = RelWithDebInfo|x64
		{E088519C-1588-3825-9DB2-0694C503919C}.Debug|x64.ActiveCfg = Debug|x64
		{E088519C-1588-3825-9DB2-0694C503919C}.Release|x64.ActiveCfg = Release|x64
		{E088519C-1588-3825-9DB2-0694C503919C}.MinSizeRel|x64.ActiveCfg = MinSizeRel|x64
		{E088519C-1588-3825-9DB2-0694C503919C}.RelWithDebInfo|x64.ActiveCfg = RelWithDebInfo|x64
		{4017FF8B-7B5A-365B-889F-35926CD58D69}.Debug|x64.ActiveCfg = Debug|x64
		{4017FF8B-7B5A-365B-889F-35926CD58D69}.Release|x64.ActiveCfg = Release|x64
		{4017FF8B-7B5A-365B-889F-35926CD58D69}.MinSizeRel|x64.ActiveCfg = MinSizeRel|x64
		{4017FF8B-7B5A-365B-889F-35926CD58D69}.RelWithDebInfo|x64.ActiveCfg = RelWithDebInfo|x64
		{CC7B2FBB-3E67-3BDB-AE66-0D4109CCE0A3}.Debug|x64.ActiveCfg = Debug|x64
		{CC7B2FBB-3E67-3BDB-AE66-0D4109CCE0A3}.Debug|x64.Build.0 = Debug|x64
		{CC7B2FBB-3E67-3BDB-AE66-0D4109CCE0A3}.Release|x64.ActiveCfg = Release|x64
		{CC7B2FBB-3E67-3BDB-AE66-0D4109CCE0A3}.Release|x64.Build.0 = Release|x64
		{CC7B2FBB-3E67-3BDB-AE66-0D4109CCE0A3}.MinSizeRel|x64.ActiveCfg = MinSizeRel|x64
		{CC7B2FBB-3E67-3BDB-AE66-0D4109CCE0A3}.MinSizeRel|x64.Build.0 = MinSizeRel|x64
		{CC7B2FBB-3E67-3BDB-AE66-0D4109CCE0A3}.RelWithDebInfo|x64.ActiveCfg = RelWithDebInfo|x64
		{CC7B2FBB-3E67-3BDB-AE66-0D4109CCE0A3}.RelWithDebInfo|x64.Build.0 = RelWithDebInfo|x64
		{31F79C53-79B9-3354-B6B6-23049FD633CF}.Debug|x64.ActiveCfg = Debug|x64
		{31F79C53-79B9-3354-B6B6-23049FD633CF}.Debug|x64.Build.0 = Debug|x64
		{31F79C53-79B9-3354-B6B6-23049FD633CF}.Release|x64.ActiveCfg = Release|x64
		{31F79C53-79B9-3354-B6B6-23049FD633CF}.Release|x64.Build.0 = Release|x64
		{31F79C53-79B9-3354-B6B6-23049FD633CF}.MinSizeRel|x64.ActiveCfg = MinSizeRel|x64
		{31F79C53-79B9-3354-B6B6-23049FD633CF}.MinSizeRel|x64.Build.0 = MinSizeRel|x64
		{31F79C53-79B9-3354-B6B6-23049FD633CF}.RelWithDebInfo|x64.ActiveCfg = RelWithDebInfo|x64
		{31F79C53-79B9-3354-B6B6-23049FD633CF}.RelWithDebInfo|x64.Build.0 = RelWithDebInfo|x64
		{8DE188F4-4704-3919-B79A-B5FF758F8B63}.Debug|x64.ActiveCfg = Debug|x64
		{8DE188F4-4704-3919-B79A-B5FF758F8B63}.Debug|x64.Build.0 = Debug|x64
		{8DE188F4-4704-3919-B79A-B5FF758F8B63}.Release|x64.ActiveCfg = Release|x64
		{8DE188F4-4704-3919-B79A-B5FF758F8B63}.Release|x64.Build.0 = Release|x64
		{8DE188F4-4704-3919-B79A-B5FF758F8B63}.MinSizeRel|x64.ActiveCfg = MinSizeRel|x64
		{8DE188F4-4704-3919-B79A-B5FF758F8B63}.MinSizeRel|x64.Build.0 = MinSizeRel|x64
		{8DE188F4-4704-3919-B79A-B5FF758F8B63}.RelWithDebInfo|x64.ActiveCfg = RelWithDebInfo|x64
		{8DE188F4-4704-3919-B79A-B5FF758F8B63}.RelWithDebInfo|x64.Build.0 = RelWithDebInfo|x64
		{0E5003D6-2948-3FE9-A7EA-7F3929CD4881}.Debug|x64.ActiveCfg = Debug|x64
		{0E5003D6-2948-3FE9-A7EA-7F3929CD4881}.Debug|x64.Build.0 = Debug|x64
		{0E5003D6-2948-3FE9-A7EA-7F3929CD4881}.Release|x64.ActiveCfg = Release|x64
		{0E5003D6-2948-3FE9-A7EA-7F3929CD4881}.Release|x64.Build.0 = Release|x64
		{0E5003D6-2948-3FE9-A7EA-7F3929CD4881}.MinSizeRel|x64.ActiveCfg = MinSizeRel|x64
		{0E5003D6-2948-3FE9-A7EA-7F3929CD4881}.MinSizeRel|x64.Build.0 = MinSizeRel|x64
		{0E5003D6-2948-3FE9-A7EA-7F3929CD4881}.RelWithDebInfo|x64.ActiveCfg = RelWithDebInfo|x64
		{0E5003D6-2948-3FE9-A7EA-7F3929CD4881}.RelWithDebInfo|x64.Build.0 = RelWithDebInfo|x64
		{1AD4D6E5-AE89-3674-83F7-3612BA28DCC6}.Debug|x64.ActiveCfg = Debug|x64
		{1AD4D6E5-AE89-3674-83F7-3612BA28DCC6}.Debug|x64.Build.0 = Debug|x64
		{1AD4D6E5-AE89-3674-83F7-3612BA28DCC6}.Release|x64.ActiveCfg = Release|x64
		{1AD4D6E5-AE89-3674-83F7-3612BA28DCC6}.Release|x64.Build.0 = Release|x64
		{1AD4D6E5-AE89-3674-83F7-3612BA28DCC6}.MinSizeRel|x64.ActiveCfg = MinSizeRel|x64
		{1AD4D6E5-AE89-3674-83F7-3612BA28DCC6}.MinSizeRel|x64.Build.0 = MinSizeRel|x64
		{1AD4D6E5-AE89-3674-83F7-3612BA28DCC6}.RelWithDebInfo|x64.ActiveCfg = RelWithDebInfo|x64
		{1AD4D6E5-AE89-3674-83F7-3612BA28DCC6}.RelWithDebInfo|x64.Build.0 = RelWithDebInfo|x64
		{C999CD99-6FF0-394B-A213-22738342FA1D}.Debug|x64.ActiveCfg = Debug|x64
		{C999CD99-6FF0-394B-A213-22738342FA1D}.Debug|x64.Build.0 = Debug|x64
		{C999CD99-6FF0-394B-A213-22738342FA1D}.Release|x64.ActiveCfg = Release|x64
		{C999CD99-6FF0-394B-A213-22738342FA1D}.Release|x64.Build.0 = Release|x64
		{C999CD99-6FF0-394B-A213-22738342FA1D}.MinSizeRel|x64.ActiveCfg = MinSizeRel|x64
		{C999CD99-6FF0-394B-A213-22738342FA1D}.MinSizeRel|x64.Build.0 = MinSizeRel|x64
		{C999CD99-6FF0-394B-A213-22738342FA1D}.RelWithDebInfo|x64.ActiveCfg = RelWithDebInfo|x64
		{C999CD99-6FF0-394B-A213-22738342FA1D}.RelWithDebInfo|x64.Build.0 = RelWithDebInfo|x64
		{F62EF8EE-2FD8-3F13-9241-86DA6E2EAAB1}.Debug|x64.ActiveCfg = Debug|x64
		{F62EF8EE-2FD8-3F13-9241-86DA6E2EAAB1}.Debug|x64.Build.0 = Debug|x64
		{F62EF8EE-2FD8-3F13-9241-86DA6E2EAAB1}.Release|x64.ActiveCfg = Release|x64
		{F62EF8EE-2FD8-3F13-9241-86DA6E2EAAB1}.Release|x64.Build.0 = Release|x64
		{F62EF8EE-2FD8-3F13-9241-86DA6E2EAAB1}.MinSizeRel|x64.ActiveCfg = MinSizeRel|x64
		{F62EF8EE-2FD8-3F13-9241-86DA6E2EAAB1}.MinSizeRel|x64.Build.0 = MinSizeRel|x64
		{F62EF8EE-2FD8-3F13-9241-86DA6E2EAAB1}.RelWithDebInfo|x64.ActiveCfg = RelWithDebInfo|x64
		{F62EF8EE-2FD8-3F13-9241-86DA6E2EAAB1}.RelWithDebInfo|x64.Build.0 = RelWithDebInfo|x64
	EndGlobalSection
	GlobalSection(NestedProjects) = preSolution
		{E0246C8B-8DC4-317F-9953-4EE52961505A} = {21BEC962-15B7-3017-B844-DBE9AEC67C31}
		{F193E26A-26B7-3539-BF81-9FDF34CD8AED} = {21BEC962-15B7-3017-B844-DBE9AEC67C31}
		{D98981FE-3841-3992-905A-50F5C1270A48} = {21BEC962-15B7-3017-B844-DBE9AEC67C31}
		{47E004A2-5F6A-31DC-8AAB-70AB4BE6606A} = {21BEC962-15B7-3017-B844-DBE9AEC67C31}
		{135D6EE0-1C73-3E87-A107-632F75C96B98} = {21BEC962-15B7-3017-B844-DBE9AEC67C31}
		{078EF0B6-AFB0-3496-83C1-8AE59F22FA0D} = {C16B347D-582D-3EA7-A1F4-962596D7A592}
		{AD8FCB9D-2E0B-35B8-8019-DC9E97C89735} = {C16B347D-582D-3EA7-A1F4-962596D7A592}
		{C4D7E7B2-8305-33A8-B9CC-FC15457C6CD7} = {C16B347D-582D-3EA7-A1F4-962596D7A592}
		{6FA58496-E43C-3442-A0AE-EEF5545D9C82} = {4F58C324-0161-3B3E-B4F1-ECA4BDFC256C}
		{AA395375-C28C-3617-9916-43A113EA01E9} = {4F58C324-0161-3B3E-B4F1-ECA4BDFC256C}
		{084AADA4-6C79-33E3-8781-7E5FE0C1889E} = {4F58C324-0161-3B3E-B4F1-ECA4BDFC256C}
		{EDEB3237-C6F8-3FA4-9B75-4676A4788C45} = {4F58C324-0161-3B3E-B4F1-ECA4BDFC256C}
		{10A90BA0-9D05-3606-83D6-CB84A6CD29E5} = {4F58C324-0161-3B3E-B4F1-ECA4BDFC256C}
		{6E126520-889F-30BC-B787-9B44AD14A4E1} = {4F58C324-0161-3B3E-B4F1-ECA4BDFC256C}
		{E088519C-1588-3825-9DB2-0694C503919C} = {4F58C324-0161-3B3E-B4F1-ECA4BDFC256C}
		{0E5003D6-2948-3FE9-A7EA-7F3929CD4881} = {4F58C324-0161-3B3E-B4F1-ECA4BDFC256C}
		{1AD4D6E5-AE89-3674-83F7-3612BA28DCC6} = {4F58C324-0161-3B3E-B4F1-ECA4BDFC256C}
		{C999CD99-6FF0-394B-A213-22738342FA1D} = {4F58C324-0161-3B3E-B4F1-ECA4BDFC256C}
		{F62EF8EE-2FD8-3F13-9241-86DA6E2EAAB1} = {4F58C324-0161-3B3E-B4F1-ECA4BDFC256C}
		{14B85E96-C2F0-3387-ACFC-FADEECFBFE6B} = {8E5972FA-B2A5-350A-A12D-2B92A421D5E6}
		{4017FF8B-7B5A-365B-889F-35926CD58D69} = {8E5972FA-B2A5-350A-A12D-2B92A421D5E6}
	EndGlobalSection
	GlobalSection(ExtensibilityGlobals) = postSolution
		SolutionGuid = {DD30FE36-F243-39BA-89C7-8A992EACA4F1}
	EndGlobalSection
	GlobalSection(ExtensibilityAddIns) = postSolution
	EndGlobalSection
EndGlobal
