<?xml version="1.0" encoding="utf-8"?>
<Project ToolsVersion="17.0" xmlns="http://schemas.microsoft.com/developer/msbuild/2003">
  <ItemGroup>
    <ClCompile Include="P:\mysql-connector-cpp\cdk\foundation\error.cc">
      <Filter>Source Files</Filter>
    </ClCompile>
    <ClCompile Include="P:\mysql-connector-cpp\cdk\foundation\stream.cc">
      <Filter>Source Files</Filter>
    </ClCompile>
    <ClCompile Include="P:\mysql-connector-cpp\cdk\foundation\connection_tcpip.cc">
      <Filter>Source Files</Filter>
    </ClCompile>
    <ClCompile Include="P:\mysql-connector-cpp\cdk\foundation\socket.cc">
      <Filter>Source Files</Filter>
    </ClCompile>
    <ClCompile Include="P:\mysql-connector-cpp\cdk\foundation\diagnostics.cc">
      <Filter>Source Files</Filter>
    </ClCompile>
    <ClCompile Include="P:\mysql-connector-cpp\cdk\foundation\socket_detail.cc">
      <Filter>Source Files</Filter>
    </ClCompile>
    <ClCompile Include="P:\mysql-connector-cpp\cdk\foundation\connection_openssl.cc">
      <Filter>Source Files</Filter>
    </ClCompile>
  </ItemGroup>
  <ItemGroup>
    <ClInclude Include="P:\mysql-connector-cpp\cdk\foundation\connection_tcpip_base.h">
      <Filter>Header Files</Filter>
    </ClInclude>
    <ClInclude Include="P:\mysql-connector-cpp\cdk\foundation\socket_detail.h">
      <Filter>Header Files</Filter>
    </ClInclude>
  </ItemGroup>
  <ItemGroup>
    <CustomBuild Include="P:\mysql-connector-cpp\cdk\foundation\CMakeLists.txt" />
  </ItemGroup>
  <ItemGroup>
    <Filter Include="Header Files">
      <UniqueIdentifier>{CF4EFE9D-9E0A-355A-98DD-DA00C9CA8893}</UniqueIdentifier>
    </Filter>
    <Filter Include="Source Files">
      <UniqueIdentifier>{E681429B-1465-3445-9E5C-A7C81F80FCDD}</UniqueIdentifier>
    </Filter>
  </ItemGroup>
</Project>
