<?xml version="1.0" encoding="utf-8"?>
<Project ToolsVersion="17.0" xmlns="http://schemas.microsoft.com/developer/msbuild/2003">
  <ItemGroup>
    <CustomBuild Include="P:\mysql-connector-cpp\_build\cdk\protocol\mysqlx\protobuf\CMakeFiles\a64324814e276e2d29835714bb58ca43\generate.stamp.rule">
      <Filter>CMake Rules</Filter>
    </CustomBuild>
  </ItemGroup>
  <ItemGroup>
    <Filter Include="CMake Rules">
      <UniqueIdentifier>{E348B6C2-BBD3-37D5-B858-04204D26EFC1}</UniqueIdentifier>
    </Filter>
  </ItemGroup>
</Project>
