<?xml version="1.0" encoding="utf-8"?>
<Project ToolsVersion="17.0" xmlns="http://schemas.microsoft.com/developer/msbuild/2003">
  <ItemGroup>
    <ClCompile Include="P:\mysql-connector-cpp\cdk\extra\protobuf\protobuf-3.11.4\src\google\protobuf\compiler\main.cc">
      <Filter>Source Files</Filter>
    </ClCompile>
  </ItemGroup>
  <ItemGroup>
    <CustomBuild Include="P:\mysql-connector-cpp\cdk\extra\protobuf\protobuf-3.11.4\cmake\CMakeLists.txt" />
  </ItemGroup>
  <ItemGroup>
    <ResourceCompile Include="P:\mysql-connector-cpp\_build\cdk\protocol\mysqlx\protobuf\protobuf-3.11.4\cmake\version.rc">
      <Filter>Source Files</Filter>
    </ResourceCompile>
  </ItemGroup>
  <ItemGroup>
    <Filter Include="Source Files">
      <UniqueIdentifier>{5286C7B4-675E-3B84-8BB9-12BBB0C04D22}</UniqueIdentifier>
    </Filter>
  </ItemGroup>
</Project>
