<?xml version="1.0" encoding="utf-8"?>
<Project ToolsVersion="17.0" xmlns="http://schemas.microsoft.com/developer/msbuild/2003">
  <ItemGroup>
    <CustomBuild Include="P:\mysql-connector-cpp\_build\CMakeFiles\6d01595b13051a5147363cc2e82cb4aa\INSTALL_force.rule">
      <Filter>CMake Rules</Filter>
    </CustomBuild>
  </ItemGroup>
  <ItemGroup>
    <Filter Include="CMake Rules">
      <UniqueIdentifier>{7480674F-93BA-3064-A59C-24B53156158A}</UniqueIdentifier>
    </Filter>
  </ItemGroup>
</Project>
