
Microsoft Visual Studio Solution File, Format Version 12.00
# Visual Studio Version 17
Project("{2150E333-8FDC-42A3-9474-1A3956D46DE8}") = "CDK", "CDK", "{21BEC962-15B7-3017-B844-DBE9AEC67C31}"
EndProject
Project("{2150E333-8FDC-42A3-9474-1A3956D46DE8}") = "CMakePredefinedTargets", "CMakePredefinedTargets", "{C16B347D-582D-3EA7-A1F4-962596D7A592}"
EndProject
Project("{2150E333-8FDC-42A3-9474-1A3956D46DE8}") = "Misc", "Misc", "{4F58C324-0161-3B3E-B4F1-ECA4BDFC256C}"
EndProject
Project("{8BC9CEB8-8B4A-11D0-8D11-00A0C91BC942}") = "ALL_BUILD", "ALL_BUILD.vcxproj", "{078EF0B6-AFB0-3496-83C1-8AE59F22FA0D}"
	ProjectSection(ProjectDependencies) = postProject
		{C4D7E7B2-8305-33A8-B9CC-FC15457C6CD7} = {C4D7E7B2-8305-33A8-B9CC-FC15457C6CD7}
		{E0246C8B-8DC4-317F-9953-4EE52961505A} = {E0246C8B-8DC4-317F-9953-4EE52961505A}
		{F193E26A-26B7-3539-BF81-9FDF34CD8AED} = {F193E26A-26B7-3539-BF81-9FDF34CD8AED}
		{D98981FE-3841-3992-905A-50F5C1270A48} = {D98981FE-3841-3992-905A-50F5C1270A48}
		{47E004A2-5F6A-31DC-8AAB-70AB4BE6606A} = {47E004A2-5F6A-31DC-8AAB-70AB4BE6606A}
		{135D6EE0-1C73-3E87-A107-632F75C96B98} = {135D6EE0-1C73-3E87-A107-632F75C96B98}
	EndProjectSection
EndProject
Project("{8BC9CEB8-8B4A-11D0-8D11-00A0C91BC942}") = "INSTALL", "INSTALL.vcxproj", "{AD8FCB9D-2E0B-35B8-8019-DC9E97C89735}"
	ProjectSection(ProjectDependencies) = postProject
		{078EF0B6-AFB0-3496-83C1-8AE59F22FA0D} = {078EF0B6-AFB0-3496-83C1-8AE59F22FA0D}
		{C4D7E7B2-8305-33A8-B9CC-FC15457C6CD7} = {C4D7E7B2-8305-33A8-B9CC-FC15457C6CD7}
	EndProjectSection
EndProject
Project("{8BC9CEB8-8B4A-11D0-8D11-00A0C91BC942}") = "ZERO_CHECK", "..\\ZERO_CHECK.vcxproj", "{C4D7E7B2-8305-33A8-B9CC-FC15457C6CD7}"
	ProjectSection(ProjectDependencies) = postProject
	EndProjectSection
EndProject
Project("{8BC9CEB8-8B4A-11D0-8D11-00A0C91BC942}") = "cdk", "core\cdk.vcxproj", "{E0246C8B-8DC4-317F-9953-4EE52961505A}"
	ProjectSection(ProjectDependencies) = postProject
		{C4D7E7B2-8305-33A8-B9CC-FC15457C6CD7} = {C4D7E7B2-8305-33A8-B9CC-FC15457C6CD7}
		{F193E26A-26B7-3539-BF81-9FDF34CD8AED} = {F193E26A-26B7-3539-BF81-9FDF34CD8AED}
		{D98981FE-3841-3992-905A-50F5C1270A48} = {D98981FE-3841-3992-905A-50F5C1270A48}
		{47E004A2-5F6A-31DC-8AAB-70AB4BE6606A} = {47E004A2-5F6A-31DC-8AAB-70AB4BE6606A}
		{135D6EE0-1C73-3E87-A107-632F75C96B98} = {135D6EE0-1C73-3E87-A107-632F75C96B98}
		{084AADA4-6C79-33E3-8781-7E5FE0C1889E} = {084AADA4-6C79-33E3-8781-7E5FE0C1889E}
		{10A90BA0-9D05-3606-83D6-CB84A6CD29E5} = {10A90BA0-9D05-3606-83D6-CB84A6CD29E5}
		{0E5003D6-2948-3FE9-A7EA-7F3929CD4881} = {0E5003D6-2948-3FE9-A7EA-7F3929CD4881}
		{C999CD99-6FF0-394B-A213-22738342FA1D} = {C999CD99-6FF0-394B-A213-22738342FA1D}
	EndProjectSection
EndProject
Project("{8BC9CEB8-8B4A-11D0-8D11-00A0C91BC942}") = "cdk_foundation", "foundation\cdk_foundation.vcxproj", "{F193E26A-26B7-3539-BF81-9FDF34CD8AED}"
	ProjectSection(ProjectDependencies) = postProject
		{C4D7E7B2-8305-33A8-B9CC-FC15457C6CD7} = {C4D7E7B2-8305-33A8-B9CC-FC15457C6CD7}
	EndProjectSection
EndProject
Project("{8BC9CEB8-8B4A-11D0-8D11-00A0C91BC942}") = "cdk_mysqlx", "mysqlx\cdk_mysqlx.vcxproj", "{D98981FE-3841-3992-905A-50F5C1270A48}"
	ProjectSection(ProjectDependencies) = postProject
		{C4D7E7B2-8305-33A8-B9CC-FC15457C6CD7} = {C4D7E7B2-8305-33A8-B9CC-FC15457C6CD7}
		{F193E26A-26B7-3539-BF81-9FDF34CD8AED} = {F193E26A-26B7-3539-BF81-9FDF34CD8AED}
		{135D6EE0-1C73-3E87-A107-632F75C96B98} = {135D6EE0-1C73-3E87-A107-632F75C96B98}
		{084AADA4-6C79-33E3-8781-7E5FE0C1889E} = {084AADA4-6C79-33E3-8781-7E5FE0C1889E}
		{10A90BA0-9D05-3606-83D6-CB84A6CD29E5} = {10A90BA0-9D05-3606-83D6-CB84A6CD29E5}
		{0E5003D6-2948-3FE9-A7EA-7F3929CD4881} = {0E5003D6-2948-3FE9-A7EA-7F3929CD4881}
		{C999CD99-6FF0-394B-A213-22738342FA1D} = {C999CD99-6FF0-394B-A213-22738342FA1D}
	EndProjectSection
EndProject
Project("{8BC9CEB8-8B4A-11D0-8D11-00A0C91BC942}") = "cdk_parser", "parser\cdk_parser.vcxproj", "{47E004A2-5F6A-31DC-8AAB-70AB4BE6606A}"
	ProjectSection(ProjectDependencies) = postProject
		{C4D7E7B2-8305-33A8-B9CC-FC15457C6CD7} = {C4D7E7B2-8305-33A8-B9CC-FC15457C6CD7}
		{F193E26A-26B7-3539-BF81-9FDF34CD8AED} = {F193E26A-26B7-3539-BF81-9FDF34CD8AED}
	EndProjectSection
EndProject
Project("{8BC9CEB8-8B4A-11D0-8D11-00A0C91BC942}") = "cdk_proto_mysqlx", "protocol\mysqlx\cdk_proto_mysqlx.vcxproj", "{135D6EE0-1C73-3E87-A107-632F75C96B98}"
	ProjectSection(ProjectDependencies) = postProject
		{C4D7E7B2-8305-33A8-B9CC-FC15457C6CD7} = {C4D7E7B2-8305-33A8-B9CC-FC15457C6CD7}
		{F193E26A-26B7-3539-BF81-9FDF34CD8AED} = {F193E26A-26B7-3539-BF81-9FDF34CD8AED}
		{084AADA4-6C79-33E3-8781-7E5FE0C1889E} = {084AADA4-6C79-33E3-8781-7E5FE0C1889E}
		{10A90BA0-9D05-3606-83D6-CB84A6CD29E5} = {10A90BA0-9D05-3606-83D6-CB84A6CD29E5}
		{0E5003D6-2948-3FE9-A7EA-7F3929CD4881} = {0E5003D6-2948-3FE9-A7EA-7F3929CD4881}
		{C999CD99-6FF0-394B-A213-22738342FA1D} = {C999CD99-6FF0-394B-A213-22738342FA1D}
	EndProjectSection
EndProject
Project("{8BC9CEB8-8B4A-11D0-8D11-00A0C91BC942}") = "lz4-build", "protocol\mysqlx\lz4-build.vcxproj", "{084AADA4-6C79-33E3-8781-7E5FE0C1889E}"
	ProjectSection(ProjectDependencies) = postProject
		{C4D7E7B2-8305-33A8-B9CC-FC15457C6CD7} = {C4D7E7B2-8305-33A8-B9CC-FC15457C6CD7}
	EndProjectSection
EndProject
Project("{8BC9CEB8-8B4A-11D0-8D11-00A0C91BC942}") = "lz4-rebuild", "protocol\mysqlx\lz4-rebuild.vcxproj", "{EDEB3237-C6F8-3FA4-9B75-4676A4788C45}"
	ProjectSection(ProjectDependencies) = postProject
		{C4D7E7B2-8305-33A8-B9CC-FC15457C6CD7} = {C4D7E7B2-8305-33A8-B9CC-FC15457C6CD7}
	EndProjectSection
EndProject
Project("{8BC9CEB8-8B4A-11D0-8D11-00A0C91BC942}") = "protobuf-build", "protocol\mysqlx\protobuf-build.vcxproj", "{10A90BA0-9D05-3606-83D6-CB84A6CD29E5}"
	ProjectSection(ProjectDependencies) = postProject
		{C4D7E7B2-8305-33A8-B9CC-FC15457C6CD7} = {C4D7E7B2-8305-33A8-B9CC-FC15457C6CD7}
	EndProjectSection
EndProject
Project("{8BC9CEB8-8B4A-11D0-8D11-00A0C91BC942}") = "protobuf-rebuild", "protocol\mysqlx\protobuf-rebuild.vcxproj", "{6E126520-889F-30BC-B787-9B44AD14A4E1}"
	ProjectSection(ProjectDependencies) = postProject
		{C4D7E7B2-8305-33A8-B9CC-FC15457C6CD7} = {C4D7E7B2-8305-33A8-B9CC-FC15457C6CD7}
	EndProjectSection
EndProject
Project("{8BC9CEB8-8B4A-11D0-8D11-00A0C91BC942}") = "zlib-build", "protocol\mysqlx\zlib-build.vcxproj", "{0E5003D6-2948-3FE9-A7EA-7F3929CD4881}"
	ProjectSection(ProjectDependencies) = postProject
		{C4D7E7B2-8305-33A8-B9CC-FC15457C6CD7} = {C4D7E7B2-8305-33A8-B9CC-FC15457C6CD7}
	EndProjectSection
EndProject
Project("{8BC9CEB8-8B4A-11D0-8D11-00A0C91BC942}") = "zlib-rebuild", "protocol\mysqlx\zlib-rebuild.vcxproj", "{1AD4D6E5-AE89-3674-83F7-3612BA28DCC6}"
	ProjectSection(ProjectDependencies) = postProject
		{C4D7E7B2-8305-33A8-B9CC-FC15457C6CD7} = {C4D7E7B2-8305-33A8-B9CC-FC15457C6CD7}
	EndProjectSection
EndProject
Project("{8BC9CEB8-8B4A-11D0-8D11-00A0C91BC942}") = "zstd-build", "protocol\mysqlx\zstd-build.vcxproj", "{C999CD99-6FF0-394B-A213-22738342FA1D}"
	ProjectSection(ProjectDependencies) = postProject
		{C4D7E7B2-8305-33A8-B9CC-FC15457C6CD7} = {C4D7E7B2-8305-33A8-B9CC-FC15457C6CD7}
	EndProjectSection
EndProject
Project("{8BC9CEB8-8B4A-11D0-8D11-00A0C91BC942}") = "zstd-rebuild", "protocol\mysqlx\zstd-rebuild.vcxproj", "{F62EF8EE-2FD8-3F13-9241-86DA6E2EAAB1}"
	ProjectSection(ProjectDependencies) = postProject
		{C4D7E7B2-8305-33A8-B9CC-FC15457C6CD7} = {C4D7E7B2-8305-33A8-B9CC-FC15457C6CD7}
	EndProjectSection
EndProject
Global
	GlobalSection(SolutionConfigurationPlatforms) = preSolution
		Debug|x64 = Debug|x64
		Release|x64 = Release|x64
		MinSizeRel|x64 = MinSizeRel|x64
		RelWithDebInfo|x64 = RelWithDebInfo|x64
	EndGlobalSection
	GlobalSection(ProjectConfigurationPlatforms) = postSolution
		{078EF0B6-AFB0-3496-83C1-8AE59F22FA0D}.Debug|x64.ActiveCfg = Debug|x64
		{078EF0B6-AFB0-3496-83C1-8AE59F22FA0D}.Debug|x64.Build.0 = Debug|x64
		{078EF0B6-AFB0-3496-83C1-8AE59F22FA0D}.Release|x64.ActiveCfg = Release|x64
		{078EF0B6-AFB0-3496-83C1-8AE59F22FA0D}.Release|x64.Build.0 = Release|x64
		{078EF0B6-AFB0-3496-83C1-8AE59F22FA0D}.MinSizeRel|x64.ActiveCfg = MinSizeRel|x64
		{078EF0B6-AFB0-3496-83C1-8AE59F22FA0D}.MinSizeRel|x64.Build.0 = MinSizeRel|x64
		{078EF0B6-AFB0-3496-83C1-8AE59F22FA0D}.RelWithDebInfo|x64.ActiveCfg = RelWithDebInfo|x64
		{078EF0B6-AFB0-3496-83C1-8AE59F22FA0D}.RelWithDebInfo|x64.Build.0 = RelWithDebInfo|x64
		{AD8FCB9D-2E0B-35B8-8019-DC9E97C89735}.Debug|x64.ActiveCfg = Debug|x64
		{AD8FCB9D-2E0B-35B8-8019-DC9E97C89735}.Release|x64.ActiveCfg = Release|x64
		{AD8FCB9D-2E0B-35B8-8019-DC9E97C89735}.MinSizeRel|x64.ActiveCfg = MinSizeRel|x64
		{AD8FCB9D-2E0B-35B8-8019-DC9E97C89735}.RelWithDebInfo|x64.ActiveCfg = RelWithDebInfo|x64
		{C4D7E7B2-8305-33A8-B9CC-FC15457C6CD7}.Debug|x64.ActiveCfg = Debug|x64
		{C4D7E7B2-8305-33A8-B9CC-FC15457C6CD7}.Debug|x64.Build.0 = Debug|x64
		{C4D7E7B2-8305-33A8-B9CC-FC15457C6CD7}.Release|x64.ActiveCfg = Release|x64
		{C4D7E7B2-8305-33A8-B9CC-FC15457C6CD7}.Release|x64.Build.0 = Release|x64
		{C4D7E7B2-8305-33A8-B9CC-FC15457C6CD7}.MinSizeRel|x64.ActiveCfg = MinSizeRel|x64
		{C4D7E7B2-8305-33A8-B9CC-FC15457C6CD7}.MinSizeRel|x64.Build.0 = MinSizeRel|x64
		{C4D7E7B2-8305-33A8-B9CC-FC15457C6CD7}.RelWithDebInfo|x64.ActiveCfg = RelWithDebInfo|x64
		{C4D7E7B2-8305-33A8-B9CC-FC15457C6CD7}.RelWithDebInfo|x64.Build.0 = RelWithDebInfo|x64
		{E0246C8B-8DC4-317F-9953-4EE52961505A}.Debug|x64.ActiveCfg = Debug|x64
		{E0246C8B-8DC4-317F-9953-4EE52961505A}.Debug|x64.Build.0 = Debug|x64
		{E0246C8B-8DC4-317F-9953-4EE52961505A}.Release|x64.ActiveCfg = Release|x64
		{E0246C8B-8DC4-317F-9953-4EE52961505A}.Release|x64.Build.0 = Release|x64
		{E0246C8B-8DC4-317F-9953-4EE52961505A}.MinSizeRel|x64.ActiveCfg = MinSizeRel|x64
		{E0246C8B-8DC4-317F-9953-4EE52961505A}.MinSizeRel|x64.Build.0 = MinSizeRel|x64
		{E0246C8B-8DC4-317F-9953-4EE52961505A}.RelWithDebInfo|x64.ActiveCfg = RelWithDebInfo|x64
		{E0246C8B-8DC4-317F-9953-4EE52961505A}.RelWithDebInfo|x64.Build.0 = RelWithDebInfo|x64
		{F193E26A-26B7-3539-BF81-9FDF34CD8AED}.Debug|x64.ActiveCfg = Debug|x64
		{F193E26A-26B7-3539-BF81-9FDF34CD8AED}.Debug|x64.Build.0 = Debug|x64
		{F193E26A-26B7-3539-BF81-9FDF34CD8AED}.Release|x64.ActiveCfg = Release|x64
		{F193E26A-26B7-3539-BF81-9FDF34CD8AED}.Release|x64.Build.0 = Release|x64
		{F193E26A-26B7-3539-BF81-9FDF34CD8AED}.MinSizeRel|x64.ActiveCfg = MinSizeRel|x64
		{F193E26A-26B7-3539-BF81-9FDF34CD8AED}.MinSizeRel|x64.Build.0 = MinSizeRel|x64
		{F193E26A-26B7-3539-BF81-9FDF34CD8AED}.RelWithDebInfo|x64.ActiveCfg = RelWithDebInfo|x64
		{F193E26A-26B7-3539-BF81-9FDF34CD8AED}.RelWithDebInfo|x64.Build.0 = RelWithDebInfo|x64
		{D98981FE-3841-3992-905A-50F5C1270A48}.Debug|x64.ActiveCfg = Debug|x64
		{D98981FE-3841-3992-905A-50F5C1270A48}.Debug|x64.Build.0 = Debug|x64
		{D98981FE-3841-3992-905A-50F5C1270A48}.Release|x64.ActiveCfg = Release|x64
		{D98981FE-3841-3992-905A-50F5C1270A48}.Release|x64.Build.0 = Release|x64
		{D98981FE-3841-3992-905A-50F5C1270A48}.MinSizeRel|x64.ActiveCfg = MinSizeRel|x64
		{D98981FE-3841-3992-905A-50F5C1270A48}.MinSizeRel|x64.Build.0 = MinSizeRel|x64
		{D98981FE-3841-3992-905A-50F5C1270A48}.RelWithDebInfo|x64.ActiveCfg = RelWithDebInfo|x64
		{D98981FE-3841-3992-905A-50F5C1270A48}.RelWithDebInfo|x64.Build.0 = RelWithDebInfo|x64
		{47E004A2-5F6A-31DC-8AAB-70AB4BE6606A}.Debug|x64.ActiveCfg = Debug|x64
		{47E004A2-5F6A-31DC-8AAB-70AB4BE6606A}.Debug|x64.Build.0 = Debug|x64
		{47E004A2-5F6A-31DC-8AAB-70AB4BE6606A}.Release|x64.ActiveCfg = Release|x64
		{47E004A2-5F6A-31DC-8AAB-70AB4BE6606A}.Release|x64.Build.0 = Release|x64
		{47E004A2-5F6A-31DC-8AAB-70AB4BE6606A}.MinSizeRel|x64.ActiveCfg = MinSizeRel|x64
		{47E004A2-5F6A-31DC-8AAB-70AB4BE6606A}.MinSizeRel|x64.Build.0 = MinSizeRel|x64
		{47E004A2-5F6A-31DC-8AAB-70AB4BE6606A}.RelWithDebInfo|x64.ActiveCfg = RelWithDebInfo|x64
		{47E004A2-5F6A-31DC-8AAB-70AB4BE6606A}.RelWithDebInfo|x64.Build.0 = RelWithDebInfo|x64
		{135D6EE0-1C73-3E87-A107-632F75C96B98}.Debug|x64.ActiveCfg = Debug|x64
		{135D6EE0-1C73-3E87-A107-632F75C96B98}.Debug|x64.Build.0 = Debug|x64
		{135D6EE0-1C73-3E87-A107-632F75C96B98}.Release|x64.ActiveCfg = Release|x64
		{135D6EE0-1C73-3E87-A107-632F75C96B98}.Release|x64.Build.0 = Release|x64
		{135D6EE0-1C73-3E87-A107-632F75C96B98}.MinSizeRel|x64.ActiveCfg = MinSizeRel|x64
		{135D6EE0-1C73-3E87-A107-632F75C96B98}.MinSizeRel|x64.Build.0 = MinSizeRel|x64
		{135D6EE0-1C73-3E87-A107-632F75C96B98}.RelWithDebInfo|x64.ActiveCfg = RelWithDebInfo|x64
		{135D6EE0-1C73-3E87-A107-632F75C96B98}.RelWithDebInfo|x64.Build.0 = RelWithDebInfo|x64
		{084AADA4-6C79-33E3-8781-7E5FE0C1889E}.Debug|x64.ActiveCfg = Debug|x64
		{084AADA4-6C79-33E3-8781-7E5FE0C1889E}.Debug|x64.Build.0 = Debug|x64
		{084AADA4-6C79-33E3-8781-7E5FE0C1889E}.Release|x64.ActiveCfg = Release|x64
		{084AADA4-6C79-33E3-8781-7E5FE0C1889E}.Release|x64.Build.0 = Release|x64
		{084AADA4-6C79-33E3-8781-7E5FE0C1889E}.MinSizeRel|x64.ActiveCfg = MinSizeRel|x64
		{084AADA4-6C79-33E3-8781-7E5FE0C1889E}.MinSizeRel|x64.Build.0 = MinSizeRel|x64
		{084AADA4-6C79-33E3-8781-7E5FE0C1889E}.RelWithDebInfo|x64.ActiveCfg = RelWithDebInfo|x64
		{084AADA4-6C79-33E3-8781-7E5FE0C1889E}.RelWithDebInfo|x64.Build.0 = RelWithDebInfo|x64
		{EDEB3237-C6F8-3FA4-9B75-4676A4788C45}.Debug|x64.ActiveCfg = Debug|x64
		{EDEB3237-C6F8-3FA4-9B75-4676A4788C45}.Release|x64.ActiveCfg = Release|x64
		{EDEB3237-C6F8-3FA4-9B75-4676A4788C45}.MinSizeRel|x64.ActiveCfg = MinSizeRel|x64
		{EDEB3237-C6F8-3FA4-9B75-4676A4788C45}.RelWithDebInfo|x64.ActiveCfg = RelWithDebInfo|x64
		{10A90BA0-9D05-3606-83D6-CB84A6CD29E5}.Debug|x64.ActiveCfg = Debug|x64
		{10A90BA0-9D05-3606-83D6-CB84A6CD29E5}.Debug|x64.Build.0 = Debug|x64
		{10A90BA0-9D05-3606-83D6-CB84A6CD29E5}.Release|x64.ActiveCfg = Release|x64
		{10A90BA0-9D05-3606-83D6-CB84A6CD29E5}.Release|x64.Build.0 = Release|x64
		{10A90BA0-9D05-3606-83D6-CB84A6CD29E5}.MinSizeRel|x64.ActiveCfg = MinSizeRel|x64
		{10A90BA0-9D05-3606-83D6-CB84A6CD29E5}.MinSizeRel|x64.Build.0 = MinSizeRel|x64
		{10A90BA0-9D05-3606-83D6-CB84A6CD29E5}.RelWithDebInfo|x64.ActiveCfg = RelWithDebInfo|x64
		{10A90BA0-9D05-3606-83D6-CB84A6CD29E5}.RelWithDebInfo|x64.Build.0 = RelWithDebInfo|x64
		{6E126520-889F-30BC-B787-9B44AD14A4E1}.Debug|x64.ActiveCfg = Debug|x64
		{6E126520-889F-30BC-B787-9B44AD14A4E1}.Release|x64.ActiveCfg = Release|x64
		{6E126520-889F-30BC-B787-9B44AD14A4E1}.MinSizeRel|x64.ActiveCfg = MinSizeRel|x64
		{6E126520-889F-30BC-B787-9B44AD14A4E1}.RelWithDebInfo|x64.ActiveCfg = RelWithDebInfo|x64
		{0E5003D6-2948-3FE9-A7EA-7F3929CD4881}.Debug|x64.ActiveCfg = Debug|x64
		{0E5003D6-2948-3FE9-A7EA-7F3929CD4881}.Debug|x64.Build.0 = Debug|x64
		{0E5003D6-2948-3FE9-A7EA-7F3929CD4881}.Release|x64.ActiveCfg = Release|x64
		{0E5003D6-2948-3FE9-A7EA-7F3929CD4881}.Release|x64.Build.0 = Release|x64
		{0E5003D6-2948-3FE9-A7EA-7F3929CD4881}.MinSizeRel|x64.ActiveCfg = MinSizeRel|x64
		{0E5003D6-2948-3FE9-A7EA-7F3929CD4881}.MinSizeRel|x64.Build.0 = MinSizeRel|x64
		{0E5003D6-2948-3FE9-A7EA-7F3929CD4881}.RelWithDebInfo|x64.ActiveCfg = RelWithDebInfo|x64
		{0E5003D6-2948-3FE9-A7EA-7F3929CD4881}.RelWithDebInfo|x64.Build.0 = RelWithDebInfo|x64
		{1AD4D6E5-AE89-3674-83F7-3612BA28DCC6}.Debug|x64.ActiveCfg = Debug|x64
		{1AD4D6E5-AE89-3674-83F7-3612BA28DCC6}.Release|x64.ActiveCfg = Release|x64
		{1AD4D6E5-AE89-3674-83F7-3612BA28DCC6}.MinSizeRel|x64.ActiveCfg = MinSizeRel|x64
		{1AD4D6E5-AE89-3674-83F7-3612BA28DCC6}.RelWithDebInfo|x64.ActiveCfg = RelWithDebInfo|x64
		{C999CD99-6FF0-394B-A213-22738342FA1D}.Debug|x64.ActiveCfg = Debug|x64
		{C999CD99-6FF0-394B-A213-22738342FA1D}.Debug|x64.Build.0 = Debug|x64
		{C999CD99-6FF0-394B-A213-22738342FA1D}.Release|x64.ActiveCfg = Release|x64
		{C999CD99-6FF0-394B-A213-22738342FA1D}.Release|x64.Build.0 = Release|x64
		{C999CD99-6FF0-394B-A213-22738342FA1D}.MinSizeRel|x64.ActiveCfg = MinSizeRel|x64
		{C999CD99-6FF0-394B-A213-22738342FA1D}.MinSizeRel|x64.Build.0 = MinSizeRel|x64
		{C999CD99-6FF0-394B-A213-22738342FA1D}.RelWithDebInfo|x64.ActiveCfg = RelWithDebInfo|x64
		{C999CD99-6FF0-394B-A213-22738342FA1D}.RelWithDebInfo|x64.Build.0 = RelWithDebInfo|x64
		{F62EF8EE-2FD8-3F13-9241-86DA6E2EAAB1}.Debug|x64.ActiveCfg = Debug|x64
		{F62EF8EE-2FD8-3F13-9241-86DA6E2EAAB1}.Release|x64.ActiveCfg = Release|x64
		{F62EF8EE-2FD8-3F13-9241-86DA6E2EAAB1}.MinSizeRel|x64.ActiveCfg = MinSizeRel|x64
		{F62EF8EE-2FD8-3F13-9241-86DA6E2EAAB1}.RelWithDebInfo|x64.ActiveCfg = RelWithDebInfo|x64
	EndGlobalSection
	GlobalSection(NestedProjects) = preSolution
		{E0246C8B-8DC4-317F-9953-4EE52961505A} = {21BEC962-15B7-3017-B844-DBE9AEC67C31}
		{F193E26A-26B7-3539-BF81-9FDF34CD8AED} = {21BEC962-15B7-3017-B844-DBE9AEC67C31}
		{D98981FE-3841-3992-905A-50F5C1270A48} = {21BEC962-15B7-3017-B844-DBE9AEC67C31}
		{47E004A2-5F6A-31DC-8AAB-70AB4BE6606A} = {21BEC962-15B7-3017-B844-DBE9AEC67C31}
		{135D6EE0-1C73-3E87-A107-632F75C96B98} = {21BEC962-15B7-3017-B844-DBE9AEC67C31}
		{078EF0B6-AFB0-3496-83C1-8AE59F22FA0D} = {C16B347D-582D-3EA7-A1F4-962596D7A592}
		{AD8FCB9D-2E0B-35B8-8019-DC9E97C89735} = {C16B347D-582D-3EA7-A1F4-962596D7A592}
		{C4D7E7B2-8305-33A8-B9CC-FC15457C6CD7} = {C16B347D-582D-3EA7-A1F4-962596D7A592}
		{084AADA4-6C79-33E3-8781-7E5FE0C1889E} = {4F58C324-0161-3B3E-B4F1-ECA4BDFC256C}
		{EDEB3237-C6F8-3FA4-9B75-4676A4788C45} = {4F58C324-0161-3B3E-B4F1-ECA4BDFC256C}
		{10A90BA0-9D05-3606-83D6-CB84A6CD29E5} = {4F58C324-0161-3B3E-B4F1-ECA4BDFC256C}
		{6E126520-889F-30BC-B787-9B44AD14A4E1} = {4F58C324-0161-3B3E-B4F1-ECA4BDFC256C}
		{0E5003D6-2948-3FE9-A7EA-7F3929CD4881} = {4F58C324-0161-3B3E-B4F1-ECA4BDFC256C}
		{1AD4D6E5-AE89-3674-83F7-3612BA28DCC6} = {4F58C324-0161-3B3E-B4F1-ECA4BDFC256C}
		{C999CD99-6FF0-394B-A213-22738342FA1D} = {4F58C324-0161-3B3E-B4F1-ECA4BDFC256C}
		{F62EF8EE-2FD8-3F13-9241-86DA6E2EAAB1} = {4F58C324-0161-3B3E-B4F1-ECA4BDFC256C}
	EndGlobalSection
	GlobalSection(ExtensibilityGlobals) = postSolution
		SolutionGuid = {D153D477-DB4A-335C-B024-6A95E23A8EDE}
	EndGlobalSection
	GlobalSection(ExtensibilityAddIns) = postSolution
	EndGlobalSection
EndGlobal
