
Microsoft Visual Studio Solution File, Format Version 12.00
# Visual Studio Version 17
Project("{2150E333-8FDC-42A3-9474-1A3956D46DE8}") = "CMakePredefinedTargets", "CMakePredefinedTargets", "{C16B347D-582D-3EA7-A1F4-962596D7A592}"
EndProject
Project("{2150E333-8FDC-42A3-9474-1A3956D46DE8}") = "Misc", "Misc", "{4F58C324-0161-3B3E-B4F1-ECA4BDFC256C}"
EndProject
Project("{8BC9CEB8-8B4A-11D0-8D11-00A0C91BC942}") = "ALL_BUILD", "ALL_BUILD.vcxproj", "{078EF0B6-AFB0-3496-83C1-8AE59F22FA0D}"
	ProjectSection(ProjectDependencies) = postProject
		{C4D7E7B2-8305-33A8-B9CC-FC15457C6CD7} = {C4D7E7B2-8305-33A8-B9CC-FC15457C6CD7}
		{BC3A7F55-AD42-36F3-9E28-3179D99A4459} = {BC3A7F55-AD42-36F3-9E28-3179D99A4459}
		{7B6EB69D-A1D0-3AC3-894B-2ED0F249F3A0} = {7B6EB69D-A1D0-3AC3-894B-2ED0F249F3A0}
	EndProjectSection
EndProject
Project("{8BC9CEB8-8B4A-11D0-8D11-00A0C91BC942}") = "INSTALL", "INSTALL.vcxproj", "{AD8FCB9D-2E0B-35B8-8019-DC9E97C89735}"
	ProjectSection(ProjectDependencies) = postProject
		{078EF0B6-AFB0-3496-83C1-8AE59F22FA0D} = {078EF0B6-AFB0-3496-83C1-8AE59F22FA0D}
		{C4D7E7B2-8305-33A8-B9CC-FC15457C6CD7} = {C4D7E7B2-8305-33A8-B9CC-FC15457C6CD7}
	EndProjectSection
EndProject
Project("{8BC9CEB8-8B4A-11D0-8D11-00A0C91BC942}") = "ZERO_CHECK", "..\\ZERO_CHECK.vcxproj", "{C4D7E7B2-8305-33A8-B9CC-FC15457C6CD7}"
	ProjectSection(ProjectDependencies) = postProject
	EndProjectSection
EndProject
Project("{8BC9CEB8-8B4A-11D0-8D11-00A0C91BC942}") = "connector-jdbc", "connector-jdbc.vcxproj", "{BC3A7F55-AD42-36F3-9E28-3179D99A4459}"
	ProjectSection(ProjectDependencies) = postProject
		{C4D7E7B2-8305-33A8-B9CC-FC15457C6CD7} = {C4D7E7B2-8305-33A8-B9CC-FC15457C6CD7}
		{7B6EB69D-A1D0-3AC3-894B-2ED0F249F3A0} = {7B6EB69D-A1D0-3AC3-894B-2ED0F249F3A0}
	EndProjectSection
EndProject
Project("{8BC9CEB8-8B4A-11D0-8D11-00A0C91BC942}") = "connector-jdbc-deps", "connector-jdbc-deps.vcxproj", "{AA395375-C28C-3617-9916-43A113EA01E9}"
	ProjectSection(ProjectDependencies) = postProject
		{C4D7E7B2-8305-33A8-B9CC-FC15457C6CD7} = {C4D7E7B2-8305-33A8-B9CC-FC15457C6CD7}
		{7B6EB69D-A1D0-3AC3-894B-2ED0F249F3A0} = {7B6EB69D-A1D0-3AC3-894B-2ED0F249F3A0}
	EndProjectSection
EndProject
Project("{8BC9CEB8-8B4A-11D0-8D11-00A0C91BC942}") = "jdbc", "driver\jdbc.vcxproj", "{7B6EB69D-A1D0-3AC3-894B-2ED0F249F3A0}"
	ProjectSection(ProjectDependencies) = postProject
		{C4D7E7B2-8305-33A8-B9CC-FC15457C6CD7} = {C4D7E7B2-8305-33A8-B9CC-FC15457C6CD7}
	EndProjectSection
EndProject
Global
	GlobalSection(SolutionConfigurationPlatforms) = preSolution
		Debug|x64 = Debug|x64
		Release|x64 = Release|x64
		MinSizeRel|x64 = MinSizeRel|x64
		RelWithDebInfo|x64 = RelWithDebInfo|x64
	EndGlobalSection
	GlobalSection(ProjectConfigurationPlatforms) = postSolution
		{078EF0B6-AFB0-3496-83C1-8AE59F22FA0D}.Debug|x64.ActiveCfg = Debug|x64
		{078EF0B6-AFB0-3496-83C1-8AE59F22FA0D}.Debug|x64.Build.0 = Debug|x64
		{078EF0B6-AFB0-3496-83C1-8AE59F22FA0D}.Release|x64.ActiveCfg = Release|x64
		{078EF0B6-AFB0-3496-83C1-8AE59F22FA0D}.Release|x64.Build.0 = Release|x64
		{078EF0B6-AFB0-3496-83C1-8AE59F22FA0D}.MinSizeRel|x64.ActiveCfg = MinSizeRel|x64
		{078EF0B6-AFB0-3496-83C1-8AE59F22FA0D}.MinSizeRel|x64.Build.0 = MinSizeRel|x64
		{078EF0B6-AFB0-3496-83C1-8AE59F22FA0D}.RelWithDebInfo|x64.ActiveCfg = RelWithDebInfo|x64
		{078EF0B6-AFB0-3496-83C1-8AE59F22FA0D}.RelWithDebInfo|x64.Build.0 = RelWithDebInfo|x64
		{AD8FCB9D-2E0B-35B8-8019-DC9E97C89735}.Debug|x64.ActiveCfg = Debug|x64
		{AD8FCB9D-2E0B-35B8-8019-DC9E97C89735}.Release|x64.ActiveCfg = Release|x64
		{AD8FCB9D-2E0B-35B8-8019-DC9E97C89735}.MinSizeRel|x64.ActiveCfg = MinSizeRel|x64
		{AD8FCB9D-2E0B-35B8-8019-DC9E97C89735}.RelWithDebInfo|x64.ActiveCfg = RelWithDebInfo|x64
		{C4D7E7B2-8305-33A8-B9CC-FC15457C6CD7}.Debug|x64.ActiveCfg = Debug|x64
		{C4D7E7B2-8305-33A8-B9CC-FC15457C6CD7}.Debug|x64.Build.0 = Debug|x64
		{C4D7E7B2-8305-33A8-B9CC-FC15457C6CD7}.Release|x64.ActiveCfg = Release|x64
		{C4D7E7B2-8305-33A8-B9CC-FC15457C6CD7}.Release|x64.Build.0 = Release|x64
		{C4D7E7B2-8305-33A8-B9CC-FC15457C6CD7}.MinSizeRel|x64.ActiveCfg = MinSizeRel|x64
		{C4D7E7B2-8305-33A8-B9CC-FC15457C6CD7}.MinSizeRel|x64.Build.0 = MinSizeRel|x64
		{C4D7E7B2-8305-33A8-B9CC-FC15457C6CD7}.RelWithDebInfo|x64.ActiveCfg = RelWithDebInfo|x64
		{C4D7E7B2-8305-33A8-B9CC-FC15457C6CD7}.RelWithDebInfo|x64.Build.0 = RelWithDebInfo|x64
		{BC3A7F55-AD42-36F3-9E28-3179D99A4459}.Debug|x64.ActiveCfg = Debug|x64
		{BC3A7F55-AD42-36F3-9E28-3179D99A4459}.Debug|x64.Build.0 = Debug|x64
		{BC3A7F55-AD42-36F3-9E28-3179D99A4459}.Release|x64.ActiveCfg = Release|x64
		{BC3A7F55-AD42-36F3-9E28-3179D99A4459}.Release|x64.Build.0 = Release|x64
		{BC3A7F55-AD42-36F3-9E28-3179D99A4459}.MinSizeRel|x64.ActiveCfg = MinSizeRel|x64
		{BC3A7F55-AD42-36F3-9E28-3179D99A4459}.MinSizeRel|x64.Build.0 = MinSizeRel|x64
		{BC3A7F55-AD42-36F3-9E28-3179D99A4459}.RelWithDebInfo|x64.ActiveCfg = RelWithDebInfo|x64
		{BC3A7F55-AD42-36F3-9E28-3179D99A4459}.RelWithDebInfo|x64.Build.0 = RelWithDebInfo|x64
		{AA395375-C28C-3617-9916-43A113EA01E9}.Debug|x64.ActiveCfg = Debug|x64
		{AA395375-C28C-3617-9916-43A113EA01E9}.Debug|x64.Build.0 = Debug|x64
		{AA395375-C28C-3617-9916-43A113EA01E9}.Release|x64.ActiveCfg = Release|x64
		{AA395375-C28C-3617-9916-43A113EA01E9}.Release|x64.Build.0 = Release|x64
		{AA395375-C28C-3617-9916-43A113EA01E9}.MinSizeRel|x64.ActiveCfg = MinSizeRel|x64
		{AA395375-C28C-3617-9916-43A113EA01E9}.MinSizeRel|x64.Build.0 = MinSizeRel|x64
		{AA395375-C28C-3617-9916-43A113EA01E9}.RelWithDebInfo|x64.ActiveCfg = RelWithDebInfo|x64
		{AA395375-C28C-3617-9916-43A113EA01E9}.RelWithDebInfo|x64.Build.0 = RelWithDebInfo|x64
		{7B6EB69D-A1D0-3AC3-894B-2ED0F249F3A0}.Debug|x64.ActiveCfg = Debug|x64
		{7B6EB69D-A1D0-3AC3-894B-2ED0F249F3A0}.Debug|x64.Build.0 = Debug|x64
		{7B6EB69D-A1D0-3AC3-894B-2ED0F249F3A0}.Release|x64.ActiveCfg = Release|x64
		{7B6EB69D-A1D0-3AC3-894B-2ED0F249F3A0}.Release|x64.Build.0 = Release|x64
		{7B6EB69D-A1D0-3AC3-894B-2ED0F249F3A0}.MinSizeRel|x64.ActiveCfg = MinSizeRel|x64
		{7B6EB69D-A1D0-3AC3-894B-2ED0F249F3A0}.MinSizeRel|x64.Build.0 = MinSizeRel|x64
		{7B6EB69D-A1D0-3AC3-894B-2ED0F249F3A0}.RelWithDebInfo|x64.ActiveCfg = RelWithDebInfo|x64
		{7B6EB69D-A1D0-3AC3-894B-2ED0F249F3A0}.RelWithDebInfo|x64.Build.0 = RelWithDebInfo|x64
	EndGlobalSection
	GlobalSection(NestedProjects) = preSolution
		{078EF0B6-AFB0-3496-83C1-8AE59F22FA0D} = {C16B347D-582D-3EA7-A1F4-962596D7A592}
		{AD8FCB9D-2E0B-35B8-8019-DC9E97C89735} = {C16B347D-582D-3EA7-A1F4-962596D7A592}
		{C4D7E7B2-8305-33A8-B9CC-FC15457C6CD7} = {C16B347D-582D-3EA7-A1F4-962596D7A592}
		{AA395375-C28C-3617-9916-43A113EA01E9} = {4F58C324-0161-3B3E-B4F1-ECA4BDFC256C}
	EndGlobalSection
	GlobalSection(ExtensibilityGlobals) = postSolution
		SolutionGuid = {12791EAE-CD0D-332C-AB1A-2DE94E92132C}
	EndGlobalSection
	GlobalSection(ExtensibilityAddIns) = postSolution
	EndGlobalSection
EndGlobal
